// !$*UTF8*$!
{
	archiveVersion = 1;
	classes = {
	};
	objectVersion = 55;
	objects = {

/* Begin PBXBuildFile section */
		1824EDAF29019BDC007BA66B /* OtherTableViewCell.swift in Sources */ = {isa = PBXBuildFile; fileRef = 1824EDAE29019BDC007BA66B /* OtherTableViewCell.swift */; };
		1824EDB12901A7B6007BA66B /* NoticeViewController.swift in Sources */ = {isa = PBXBuildFile; fileRef = 1824EDB02901A7B6007BA66B /* NoticeViewController.swift */; };
		1824EDB32901A7C5007BA66B /* CSViewController.swift in Sources */ = {isa = PBXBuildFile; fileRef = 1824EDB22901A7C5007BA66B /* CSViewController.swift */; };
		1824EDB52901A7DC007BA66B /* SettingViewController.swift in Sources */ = {isa = PBXBuildFile; fileRef = 1824EDB42901A7DC007BA66B /* SettingViewController.swift */; };
		1824EDB72901A963007BA66B /* FriendListViewController.swift in Sources */ = {isa = PBXBuildFile; fileRef = 1824EDB62901A963007BA66B /* FriendListViewController.swift */; };
		1824EDB92901AB31007BA66B /* FriendListTableViewCell.swift in Sources */ = {isa = PBXBuildFile; fileRef = 1824EDB82901AB31007BA66B /* FriendListTableViewCell.swift */; };
		1824EDBB2901B0AF007BA66B /* ModalViewController.swift in Sources */ = {isa = PBXBuildFile; fileRef = 1824EDBA2901B0AF007BA66B /* ModalViewController.swift */; };
		18C692FC2940B9720039D91E /* CustomCell.swift in Sources */ = {isa = PBXBuildFile; fileRef = 18C692FB2940B9720039D91E /* CustomCell.swift */; };
		18E69C992950491600A644F7 /* requestFriend.swift in Sources */ = {isa = PBXBuildFile; fileRef = 18E69C982950491600A644F7 /* requestFriend.swift */; };
		18F863C92947257100EC96A7 /* Mypage.swift in Sources */ = {isa = PBXBuildFile; fileRef = 18F863C82947257100EC96A7 /* Mypage.swift */; };
		18F863CB2947345700EC96A7 /* NetworkService.swift in Sources */ = {isa = PBXBuildFile; fileRef = 18F863CA2947345700EC96A7 /* NetworkService.swift */; };
		9DD2A1DF4B9DBA828AF4FBC9 /* Pods_DoitDowith_iOS.framework in Frameworks */ = {isa = PBXBuildFile; fileRef = C0286882C860FD524F209C7D /* Pods_DoitDowith_iOS.framework */; };
		EE05C25329266C4000FAA844 /* SendImageMessageCell.swift in Sources */ = {isa = PBXBuildFile; fileRef = EE05C25129266C4000FAA844 /* SendImageMessageCell.swift */; };
		EE05C25429266C4000FAA844 /* SendImageMessageCell.xib in Resources */ = {isa = PBXBuildFile; fileRef = EE05C25229266C4000FAA844 /* SendImageMessageCell.xib */; };
		EE1BE9B028F5AE94005433FA /* MissionRoomFirstViewModel.swift in Sources */ = {isa = PBXBuildFile; fileRef = EE1BE9AF28F5AE94005433FA /* MissionRoomFirstViewModel.swift */; };
		EE1ED77829016AB80007F591 /* ChatRoomInformationModalWhenStarted.swift in Sources */ = {isa = PBXBuildFile; fileRef = EE1ED77729016AB80007F591 /* ChatRoomInformationModalWhenStarted.swift */; };
		EE1ED77A29016B7D0007F591 /* InformationModalViewModel.swift in Sources */ = {isa = PBXBuildFile; fileRef = EE1ED77929016B7D0007F591 /* InformationModalViewModel.swift */; };
		EE1F58F528F6711B0046ED09 /* ColorCell.swift in Sources */ = {isa = PBXBuildFile; fileRef = EE1F58F328F6711B0046ED09 /* ColorCell.swift */; };
		EE1F58F628F6711B0046ED09 /* ColorCell.xib in Resources */ = {isa = PBXBuildFile; fileRef = EE1F58F428F6711B0046ED09 /* ColorCell.xib */; };
		EE1F58FB28F688B30046ED09 /* TargetType.swift in Sources */ = {isa = PBXBuildFile; fileRef = EE1F58FA28F688B30046ED09 /* TargetType.swift */; };
		EE1F58FE28F689340046ED09 /* HttpHeaderField.swift in Sources */ = {isa = PBXBuildFile; fileRef = EE1F58FD28F689340046ED09 /* HttpHeaderField.swift */; };
		EE1F590028F6894C0046ED09 /* Encodable+Extension.swift in Sources */ = {isa = PBXBuildFile; fileRef = EE1F58FF28F6894C0046ED09 /* Encodable+Extension.swift */; };
		EE1F590728F68B0D0046ED09 /* HomeAPI.swift in Sources */ = {isa = PBXBuildFile; fileRef = EE1F590628F68B0D0046ED09 /* HomeAPI.swift */; };
		EE1F590928F68B280046ED09 /* CardResponse.swift in Sources */ = {isa = PBXBuildFile; fileRef = EE1F590828F68B280046ED09 /* CardResponse.swift */; };
		EE1F590F28F68BC00046ED09 /* CardRequest.swift in Sources */ = {isa = PBXBuildFile; fileRef = EE1F590E28F68BC00046ED09 /* CardRequest.swift */; };
		EE1F591128F68C0E0046ED09 /* HomeTarget.swift in Sources */ = {isa = PBXBuildFile; fileRef = EE1F591028F68C0E0046ED09 /* HomeTarget.swift */; };
		EE22491428F572D1007C5B16 /* UIApplication+Extension.swift in Sources */ = {isa = PBXBuildFile; fileRef = EE22491328F572D1007C5B16 /* UIApplication+Extension.swift */; };
		EE23A853291001BC0050175C /* DateView.swift in Sources */ = {isa = PBXBuildFile; fileRef = EE23A852291001BC0050175C /* DateView.swift */; };
		EE23C3EA293DE6100098740C /* UIImageView+.swift in Sources */ = {isa = PBXBuildFile; fileRef = EE23C3E9293DE6100098740C /* UIImageView+.swift */; };
		EE25ED5D293B897C00C579A5 /* CardCell.xib in Resources */ = {isa = PBXBuildFile; fileRef = EE25ED5B293B897C00C579A5 /* CardCell.xib */; };
		EE25ED5E293B897C00C579A5 /* ContentCell.xib in Resources */ = {isa = PBXBuildFile; fileRef = EE25ED5C293B897C00C579A5 /* ContentCell.xib */; };
		EE25ED61293B899D00C579A5 /* EmptyCardCell.swift in Sources */ = {isa = PBXBuildFile; fileRef = EE25ED5F293B899D00C579A5 /* EmptyCardCell.swift */; };
		EE25ED62293B899D00C579A5 /* EmptyCardCell.xib in Resources */ = {isa = PBXBuildFile; fileRef = EE25ED60293B899D00C579A5 /* EmptyCardCell.xib */; };
		EE300D70293A30B000842742 /* VoteResultViewController.swift in Sources */ = {isa = PBXBuildFile; fileRef = EE300D6F293A30B000842742 /* VoteResultViewController.swift */; };
		EE300D73293A339E00842742 /* VoteMemberCell.swift in Sources */ = {isa = PBXBuildFile; fileRef = EE300D71293A339E00842742 /* VoteMemberCell.swift */; };
		EE300D74293A339E00842742 /* VoteMemberCell.xib in Resources */ = {isa = PBXBuildFile; fileRef = EE300D72293A339E00842742 /* VoteMemberCell.xib */; };
		EE300D77293A362200842742 /* VoteMember.swift in Sources */ = {isa = PBXBuildFile; fileRef = EE300D76293A362200842742 /* VoteMember.swift */; };
		EE300D7A293A379300842742 /* VoteMemberListRequest.swift in Sources */ = {isa = PBXBuildFile; fileRef = EE300D79293A379300842742 /* VoteMemberListRequest.swift */; };
		EE300D7C293A379C00842742 /* VoteMemberListResponse.swift in Sources */ = {isa = PBXBuildFile; fileRef = EE300D7B293A379C00842742 /* VoteMemberListResponse.swift */; };
		EE300D7E293A3C3000842742 /* VoteResultViewModel.swift in Sources */ = {isa = PBXBuildFile; fileRef = EE300D7D293A3C3000842742 /* VoteResultViewModel.swift */; };
		EE3A078328F87075002C7E5D /* InviteModalViewModel.swift in Sources */ = {isa = PBXBuildFile; fileRef = EE3A078228F87075002C7E5D /* InviteModalViewModel.swift */; };
		EE3A078D28F8736A002C7E5D /* Friend.swift in Sources */ = {isa = PBXBuildFile; fileRef = EE3A078C28F8736A002C7E5D /* Friend.swift */; };
		EE3A079328F87473002C7E5D /* FriendRequest.swift in Sources */ = {isa = PBXBuildFile; fileRef = EE3A079228F87473002C7E5D /* FriendRequest.swift */; };
		EE3A079528F87478002C7E5D /* FriendResponse.swift in Sources */ = {isa = PBXBuildFile; fileRef = EE3A079428F87478002C7E5D /* FriendResponse.swift */; };
		EE3EA1A128D9CBF000CEFE36 /* .swiftlint.yml in Resources */ = {isa = PBXBuildFile; fileRef = EE3EA1A028D9CBF000CEFE36 /* .swiftlint.yml */; };
		EE3EA1AE28D9CD3300CEFE36 /* HomeViewController.swift in Sources */ = {isa = PBXBuildFile; fileRef = EE3EA1AC28D9CD3300CEFE36 /* HomeViewController.swift */; };
		EE3EA1B228D9CD3E00CEFE36 /* MoreViewController.swift in Sources */ = {isa = PBXBuildFile; fileRef = EE3EA1B028D9CD3E00CEFE36 /* MoreViewController.swift */; };
		EE45707E2914006100B13DF3 /* CertificationViewModel.swift in Sources */ = {isa = PBXBuildFile; fileRef = EE45707D2914006100B13DF3 /* CertificationViewModel.swift */; };
		EE4570802914093100B13DF3 /* ImageCell.swift in Sources */ = {isa = PBXBuildFile; fileRef = EE45707F2914093100B13DF3 /* ImageCell.swift */; };
		EE4F4D6928EAE73C000C2FE7 /* CardCell.swift in Sources */ = {isa = PBXBuildFile; fileRef = EE4F4D6728EAE73C000C2FE7 /* CardCell.swift */; };
		EE4F4D7028EAEE76000C2FE7 /* HomeViewModel.swift in Sources */ = {isa = PBXBuildFile; fileRef = EE4F4D6F28EAEE76000C2FE7 /* HomeViewModel.swift */; };
		EE4F4D7328EAEF5E000C2FE7 /* Card.swift in Sources */ = {isa = PBXBuildFile; fileRef = EE4F4D7228EAEF5E000C2FE7 /* Card.swift */; };
		EE4F4D7928EB0357000C2FE7 /* homeMock.json in Resources */ = {isa = PBXBuildFile; fileRef = EE4F4D7828EB0357000C2FE7 /* homeMock.json */; };
		EE5500A428E98543005F65AC /* ChatHeaderView.swift in Sources */ = {isa = PBXBuildFile; fileRef = EE5500A328E98543005F65AC /* ChatHeaderView.swift */; };
		EE557F2529266649005685EC /* ReceiveImageMessageCell.swift in Sources */ = {isa = PBXBuildFile; fileRef = EE557F2329266649005685EC /* ReceiveImageMessageCell.swift */; };
		EE557F2629266649005685EC /* ReceiveImageMessageCell.xib in Resources */ = {isa = PBXBuildFile; fileRef = EE557F2429266649005685EC /* ReceiveImageMessageCell.xib */; };
		EE5BAEA028E5B5B000589AC2 /* ChatRoomViewModel.swift in Sources */ = {isa = PBXBuildFile; fileRef = EE5BAE9F28E5B5B000589AC2 /* ChatRoomViewModel.swift */; };
		EE5F31BD293330CC00046B00 /* VoteModalViewController.swift in Sources */ = {isa = PBXBuildFile; fileRef = EE5F31BC293330CC00046B00 /* VoteModalViewController.swift */; };
		EE601ECD293DF30100AABA91 /* Data.swift in Sources */ = {isa = PBXBuildFile; fileRef = EE601ECC293DF30100AABA91 /* Data.swift */; };
		EE63629B2912115900A78758 /* ReceiveMessageWithProfileCell.swift in Sources */ = {isa = PBXBuildFile; fileRef = EE6362992912115900A78758 /* ReceiveMessageWithProfileCell.swift */; };
		EE63629C2912115900A78758 /* ReceiveMessageWithProfileCell.xib in Resources */ = {isa = PBXBuildFile; fileRef = EE63629A2912115900A78758 /* ReceiveMessageWithProfileCell.xib */; };
		EE63629F29121B1600A78758 /* ChatResponse.swift in Sources */ = {isa = PBXBuildFile; fileRef = EE63629E29121B1600A78758 /* ChatResponse.swift */; };
		EE66961E290183C300ECFC9A /* MissionRoomRequest.swift in Sources */ = {isa = PBXBuildFile; fileRef = EE66961D290183C300ECFC9A /* MissionRoomRequest.swift */; };
		EE6950F3292DF78300B933BD /* CertificationPostWithImageCell.swift in Sources */ = {isa = PBXBuildFile; fileRef = EE6950F1292DF78300B933BD /* CertificationPostWithImageCell.swift */; };
		EE6950F6292E074200B933BD /* CertificationBoardViewController.swift in Sources */ = {isa = PBXBuildFile; fileRef = EE6950F5292E074200B933BD /* CertificationBoardViewController.swift */; };
		EE6950F9292E096E00B933BD /* CertificationPost.swift in Sources */ = {isa = PBXBuildFile; fileRef = EE6950F8292E096E00B933BD /* CertificationPost.swift */; };
		EE6950FC292E10FA00B933BD /* CertificationBoardViewModel.swift in Sources */ = {isa = PBXBuildFile; fileRef = EE6950FB292E10FA00B933BD /* CertificationBoardViewModel.swift */; };
		EE695103292E127F00B933BD /* CertificateBoardRequest.swift in Sources */ = {isa = PBXBuildFile; fileRef = EE695102292E127F00B933BD /* CertificateBoardRequest.swift */; };
		EE695105292E128500B933BD /* CertificateBoardResponse.swift in Sources */ = {isa = PBXBuildFile; fileRef = EE695104292E128500B933BD /* CertificateBoardResponse.swift */; };
		EE6A2BD028E48474000656AA /* ChatRoomController.swift in Sources */ = {isa = PBXBuildFile; fileRef = EE6A2BCF28E48474000656AA /* ChatRoomController.swift */; };
		EE6A2BD328E485C1000656AA /* SendMessageCell.swift in Sources */ = {isa = PBXBuildFile; fileRef = EE6A2BD128E485C1000656AA /* SendMessageCell.swift */; };
		EE6A2BD428E485C1000656AA /* SendMessageCell.xib in Resources */ = {isa = PBXBuildFile; fileRef = EE6A2BD228E485C1000656AA /* SendMessageCell.xib */; };
		EE6A2BD728E4893B000656AA /* ReceiveMessageCell.swift in Sources */ = {isa = PBXBuildFile; fileRef = EE6A2BD528E4893B000656AA /* ReceiveMessageCell.swift */; };
		EE6A2BD828E4893B000656AA /* ReceiveMessageCell.xib in Resources */ = {isa = PBXBuildFile; fileRef = EE6A2BD628E4893B000656AA /* ReceiveMessageCell.xib */; };
		EE6A2BDA28E48ED8000656AA /* ChatModel.swift in Sources */ = {isa = PBXBuildFile; fileRef = EE6A2BD928E48ED8000656AA /* ChatModel.swift */; };
		EE77D5E428D9D0C100057EF8 /* CalendarViewController.swift in Sources */ = {isa = PBXBuildFile; fileRef = EE77D5E328D9D0C100057EF8 /* CalendarViewController.swift */; };
		EE77D5E628D9D10C00057EF8 /* More.storyboard in Resources */ = {isa = PBXBuildFile; fileRef = EE77D5E528D9D10B00057EF8 /* More.storyboard */; };
		EE77D5E828D9D11600057EF8 /* Calendar.storyboard in Resources */ = {isa = PBXBuildFile; fileRef = EE77D5E728D9D11600057EF8 /* Calendar.storyboard */; };
		EE77D5EA28D9D14000057EF8 /* Home.storyboard in Resources */ = {isa = PBXBuildFile; fileRef = EE77D5E928D9D14000057EF8 /* Home.storyboard */; };
		EE77D5EE28D9D45100057EF8 /* Image.xcassets in Resources */ = {isa = PBXBuildFile; fileRef = EE77D5ED28D9D45100057EF8 /* Image.xcassets */; };
		EE77D5F028D9D4A400057EF8 /* Assets.xcassets in Resources */ = {isa = PBXBuildFile; fileRef = EE77D5EF28D9D4A400057EF8 /* Assets.xcassets */; };
		EE7857FF28EDB3DF00F8C309 /* MissionRoomFirstViewController.swift in Sources */ = {isa = PBXBuildFile; fileRef = EE7857FE28EDB3DF00F8C309 /* MissionRoomFirstViewController.swift */; };
		EE78580128EDB3EA00F8C309 /* MissionRoomSecondViewController.swift in Sources */ = {isa = PBXBuildFile; fileRef = EE78580028EDB3EA00F8C309 /* MissionRoomSecondViewController.swift */; };
		EE78580328EDB62300F8C309 /* MissionRoomSecondViewModel.swift in Sources */ = {isa = PBXBuildFile; fileRef = EE78580228EDB62300F8C309 /* MissionRoomSecondViewModel.swift */; };
		EE84AC47292F85A80032E963 /* CertificationPostCell.swift in Sources */ = {isa = PBXBuildFile; fileRef = EE84AC45292F85A80032E963 /* CertificationPostCell.swift */; };
		EE85BE1028EF06AA006A0088 /* UILabel+Extension.swift in Sources */ = {isa = PBXBuildFile; fileRef = EE85BE0F28EF06AA006A0088 /* UILabel+Extension.swift */; };
		EE889E9128DD6A87005DE44B /* Pretendard-Regular.otf in Resources */ = {isa = PBXBuildFile; fileRef = EE889E8828DD6A87005DE44B /* Pretendard-Regular.otf */; };
		EE889E9228DD6A87005DE44B /* Pretendard-Black.otf in Resources */ = {isa = PBXBuildFile; fileRef = EE889E8928DD6A87005DE44B /* Pretendard-Black.otf */; };
		EE889E9328DD6A87005DE44B /* Pretendard-Thin.otf in Resources */ = {isa = PBXBuildFile; fileRef = EE889E8A28DD6A87005DE44B /* Pretendard-Thin.otf */; };
		EE889E9428DD6A87005DE44B /* Pretendard-SemiBold.otf in Resources */ = {isa = PBXBuildFile; fileRef = EE889E8B28DD6A87005DE44B /* Pretendard-SemiBold.otf */; };
		EE889E9528DD6A87005DE44B /* Pretendard-ExtraBold.otf in Resources */ = {isa = PBXBuildFile; fileRef = EE889E8C28DD6A87005DE44B /* Pretendard-ExtraBold.otf */; };
		EE889E9628DD6A87005DE44B /* Pretendard-Bold.otf in Resources */ = {isa = PBXBuildFile; fileRef = EE889E8D28DD6A87005DE44B /* Pretendard-Bold.otf */; };
		EE889E9728DD6A87005DE44B /* Pretendard-Light.otf in Resources */ = {isa = PBXBuildFile; fileRef = EE889E8E28DD6A87005DE44B /* Pretendard-Light.otf */; };
		EE889E9828DD6A87005DE44B /* Pretendard-Medium.otf in Resources */ = {isa = PBXBuildFile; fileRef = EE889E8F28DD6A87005DE44B /* Pretendard-Medium.otf */; };
		EE889E9928DD6A87005DE44B /* Pretendard-ExtraLight.otf in Resources */ = {isa = PBXBuildFile; fileRef = EE889E9028DD6A87005DE44B /* Pretendard-ExtraLight.otf */; };
		EE896FD8293A48940030724D /* VoteMemberSectionModel.swift in Sources */ = {isa = PBXBuildFile; fileRef = EE896FD7293A48940030724D /* VoteMemberSectionModel.swift */; };
		EE8BE62E28F40747003686E3 /* TextFieldWithPadding.swift in Sources */ = {isa = PBXBuildFile; fileRef = EE8BE62D28F40747003686E3 /* TextFieldWithPadding.swift */; };
		EE8BE63A28F4532C003686E3 /* StompManager.swift in Sources */ = {isa = PBXBuildFile; fileRef = EE8BE63928F4532C003686E3 /* StompManager.swift */; };
		EE8FF3F328FD4BC200EB5FBC /* StompTarget.swift in Sources */ = {isa = PBXBuildFile; fileRef = EE8FF3F228FD4BC200EB5FBC /* StompTarget.swift */; };
		EE9EA67E2913D67B00F4E656 /* CertificationViewController.swift in Sources */ = {isa = PBXBuildFile; fileRef = EE9EA67D2913D67B00F4E656 /* CertificationViewController.swift */; };
		EEA0C0B928ED390500282A30 /* ContentCell.swift in Sources */ = {isa = PBXBuildFile; fileRef = EEA0C0B728ED390500282A30 /* ContentCell.swift */; };
		EEAEAD1628E91EF4004CA8BA /* mock.json in Resources */ = {isa = PBXBuildFile; fileRef = EEAEAD1528E91EF4004CA8BA /* mock.json */; };
		EEAEAD1A28E921C1004CA8BA /* SectionOfChatModel.swift in Sources */ = {isa = PBXBuildFile; fileRef = EEAEAD1928E921C1004CA8BA /* SectionOfChatModel.swift */; };
		EEAEAD1C28E9237E004CA8BA /* ChatService.swift in Sources */ = {isa = PBXBuildFile; fileRef = EEAEAD1B28E9237E004CA8BA /* ChatService.swift */; };
		EEAEDA1828D9C05D000141ED /* AppDelegate.swift in Sources */ = {isa = PBXBuildFile; fileRef = EEAEDA1728D9C05D000141ED /* AppDelegate.swift */; };
		EEAEDA1A28D9C05D000141ED /* SceneDelegate.swift in Sources */ = {isa = PBXBuildFile; fileRef = EEAEDA1928D9C05D000141ED /* SceneDelegate.swift */; };
		EEAEDA1F28D9C05D000141ED /* Main.storyboard in Resources */ = {isa = PBXBuildFile; fileRef = EEAEDA1D28D9C05D000141ED /* Main.storyboard */; };
		EEAEDA2428D9C060000141ED /* LaunchScreen.storyboard in Resources */ = {isa = PBXBuildFile; fileRef = EEAEDA2228D9C060000141ED /* LaunchScreen.storyboard */; };
		EEC0E867293F7E9E00B2B79C /* MissionRoomResponse.swift in Sources */ = {isa = PBXBuildFile; fileRef = EEC0E866293F7E9E00B2B79C /* MissionRoomResponse.swift */; };
		EEC949E028F7E1A300A9661F /* FriendProfileCell.swift in Sources */ = {isa = PBXBuildFile; fileRef = EEC949DE28F7E1A300A9661F /* FriendProfileCell.swift */; };
		EEC949E128F7E1A300A9661F /* FriendProfileCell.xib in Resources */ = {isa = PBXBuildFile; fileRef = EEC949DF28F7E1A300A9661F /* FriendProfileCell.xib */; };
		EEC949E328F7F37100A9661F /* InviteModalViewController.swift in Sources */ = {isa = PBXBuildFile; fileRef = EEC949E228F7F37100A9661F /* InviteModalViewController.swift */; };
		EEC949E728F8083300A9661F /* FriendCell.swift in Sources */ = {isa = PBXBuildFile; fileRef = EEC949E528F8083300A9661F /* FriendCell.swift */; };
		EEC949E828F8083300A9661F /* FriendCell.xib in Resources */ = {isa = PBXBuildFile; fileRef = EEC949E628F8083300A9661F /* FriendCell.xib */; };
		EEC9EAED28E49D07002918EA /* Date+Extension.swift in Sources */ = {isa = PBXBuildFile; fileRef = EEC9EAEC28E49D07002918EA /* Date+Extension.swift */; };
		EEC9EAF428E52B66002918EA /* CALayer+Extension.swift in Sources */ = {isa = PBXBuildFile; fileRef = EEC9EAF328E52B66002918EA /* CALayer+Extension.swift */; };
		EED13238292F8B9700EA38CA /* CertificationPostCell.xib in Resources */ = {isa = PBXBuildFile; fileRef = EED13236292F8B9700EA38CA /* CertificationPostCell.xib */; };
		EED13239292F8B9700EA38CA /* CertificationPostWithImageCell.xib in Resources */ = {isa = PBXBuildFile; fileRef = EED13237292F8B9700EA38CA /* CertificationPostWithImageCell.xib */; };
		EEE063D62942140100D45493 /* LoginViewController.swift in Sources */ = {isa = PBXBuildFile; fileRef = EEE063D52942140100D45493 /* LoginViewController.swift */; };
		EEE063D8294214D600D45493 /* UIButton+.swift in Sources */ = {isa = PBXBuildFile; fileRef = EEE063D7294214D600D45493 /* UIButton+.swift */; };
		EEE063DA2942154B00D45493 /* UIView+.swift in Sources */ = {isa = PBXBuildFile; fileRef = EEE063D92942154B00D45493 /* UIView+.swift */; };
		EEE063DE29421E0C00D45493 /* TabBarViewController.swift in Sources */ = {isa = PBXBuildFile; fileRef = EEE063DD29421E0C00D45493 /* TabBarViewController.swift */; };
		EEE46C112924B0D90030A15E /* UIColor+.swift in Sources */ = {isa = PBXBuildFile; fileRef = EEE46C102924B0D90030A15E /* UIColor+.swift */; };
		EEE46C132924B4A00030A15E /* Colors.xcassets in Resources */ = {isa = PBXBuildFile; fileRef = EEE46C122924B4A00030A15E /* Colors.xcassets */; };
		EEE8358D293ADAE4001C97CC /* VoteResultContentViewCell.swift in Sources */ = {isa = PBXBuildFile; fileRef = EEE8358B293ADAE4001C97CC /* VoteResultContentViewCell.swift */; };
		EEE8358E293ADAE4001C97CC /* VoteResultContentViewCell.xib in Resources */ = {isa = PBXBuildFile; fileRef = EEE8358C293ADAE4001C97CC /* VoteResultContentViewCell.xib */; };
		EEE83590293B612E001C97CC /* CardSectionModel.swift in Sources */ = {isa = PBXBuildFile; fileRef = EEE8358F293B612E001C97CC /* CardSectionModel.swift */; };
/* End PBXBuildFile section */

/* Begin PBXFileReference section */
		1824EDAE29019BDC007BA66B /* OtherTableViewCell.swift */ = {isa = PBXFileReference; lastKnownFileType = sourcecode.swift; path = OtherTableViewCell.swift; sourceTree = "<group>"; };
		1824EDB02901A7B6007BA66B /* NoticeViewController.swift */ = {isa = PBXFileReference; lastKnownFileType = sourcecode.swift; path = NoticeViewController.swift; sourceTree = "<group>"; };
		1824EDB22901A7C5007BA66B /* CSViewController.swift */ = {isa = PBXFileReference; lastKnownFileType = sourcecode.swift; path = CSViewController.swift; sourceTree = "<group>"; };
		1824EDB42901A7DC007BA66B /* SettingViewController.swift */ = {isa = PBXFileReference; lastKnownFileType = sourcecode.swift; path = SettingViewController.swift; sourceTree = "<group>"; };
		1824EDB62901A963007BA66B /* FriendListViewController.swift */ = {isa = PBXFileReference; lastKnownFileType = sourcecode.swift; path = FriendListViewController.swift; sourceTree = "<group>"; };
		1824EDB82901AB31007BA66B /* FriendListTableViewCell.swift */ = {isa = PBXFileReference; lastKnownFileType = sourcecode.swift; path = FriendListTableViewCell.swift; sourceTree = "<group>"; };
		1824EDBA2901B0AF007BA66B /* ModalViewController.swift */ = {isa = PBXFileReference; lastKnownFileType = sourcecode.swift; path = ModalViewController.swift; sourceTree = "<group>"; };
		18C692FB2940B9720039D91E /* CustomCell.swift */ = {isa = PBXFileReference; lastKnownFileType = sourcecode.swift; path = CustomCell.swift; sourceTree = "<group>"; };
		18E69C982950491600A644F7 /* requestFriend.swift */ = {isa = PBXFileReference; lastKnownFileType = sourcecode.swift; path = requestFriend.swift; sourceTree = "<group>"; };
		18F863C82947257100EC96A7 /* Mypage.swift */ = {isa = PBXFileReference; lastKnownFileType = sourcecode.swift; path = Mypage.swift; sourceTree = "<group>"; };
		18F863CA2947345700EC96A7 /* NetworkService.swift */ = {isa = PBXFileReference; lastKnownFileType = sourcecode.swift; path = NetworkService.swift; sourceTree = "<group>"; };
		24691D147FCF764B27B270A4 /* Pods-DoitDowith-iOS.debug.xcconfig */ = {isa = PBXFileReference; includeInIndex = 1; lastKnownFileType = text.xcconfig; name = "Pods-DoitDowith-iOS.debug.xcconfig"; path = "Target Support Files/Pods-DoitDowith-iOS/Pods-DoitDowith-iOS.debug.xcconfig"; sourceTree = "<group>"; };
		6DF2D234DA10A353A3131702 /* Pods-DoitDowith-iOS.release.xcconfig */ = {isa = PBXFileReference; includeInIndex = 1; lastKnownFileType = text.xcconfig; name = "Pods-DoitDowith-iOS.release.xcconfig"; path = "Target Support Files/Pods-DoitDowith-iOS/Pods-DoitDowith-iOS.release.xcconfig"; sourceTree = "<group>"; };
		C0286882C860FD524F209C7D /* Pods_DoitDowith_iOS.framework */ = {isa = PBXFileReference; explicitFileType = wrapper.framework; includeInIndex = 0; path = Pods_DoitDowith_iOS.framework; sourceTree = BUILT_PRODUCTS_DIR; };
		EE05C25129266C4000FAA844 /* SendImageMessageCell.swift */ = {isa = PBXFileReference; lastKnownFileType = sourcecode.swift; path = SendImageMessageCell.swift; sourceTree = "<group>"; };
		EE05C25229266C4000FAA844 /* SendImageMessageCell.xib */ = {isa = PBXFileReference; lastKnownFileType = file.xib; path = SendImageMessageCell.xib; sourceTree = "<group>"; };
		EE1BE9AF28F5AE94005433FA /* MissionRoomFirstViewModel.swift */ = {isa = PBXFileReference; lastKnownFileType = sourcecode.swift; path = MissionRoomFirstViewModel.swift; sourceTree = "<group>"; };
		EE1ED77729016AB80007F591 /* ChatRoomInformationModalWhenStarted.swift */ = {isa = PBXFileReference; lastKnownFileType = sourcecode.swift; path = ChatRoomInformationModalWhenStarted.swift; sourceTree = "<group>"; };
		EE1ED77929016B7D0007F591 /* InformationModalViewModel.swift */ = {isa = PBXFileReference; lastKnownFileType = sourcecode.swift; path = InformationModalViewModel.swift; sourceTree = "<group>"; };
		EE1F58F328F6711B0046ED09 /* ColorCell.swift */ = {isa = PBXFileReference; lastKnownFileType = sourcecode.swift; path = ColorCell.swift; sourceTree = "<group>"; };
		EE1F58F428F6711B0046ED09 /* ColorCell.xib */ = {isa = PBXFileReference; lastKnownFileType = file.xib; path = ColorCell.xib; sourceTree = "<group>"; };
		EE1F58FA28F688B30046ED09 /* TargetType.swift */ = {isa = PBXFileReference; lastKnownFileType = sourcecode.swift; path = TargetType.swift; sourceTree = "<group>"; };
		EE1F58FD28F689340046ED09 /* HttpHeaderField.swift */ = {isa = PBXFileReference; lastKnownFileType = sourcecode.swift; path = HttpHeaderField.swift; sourceTree = "<group>"; };
		EE1F58FF28F6894C0046ED09 /* Encodable+Extension.swift */ = {isa = PBXFileReference; lastKnownFileType = sourcecode.swift; path = "Encodable+Extension.swift"; sourceTree = "<group>"; };
		EE1F590628F68B0D0046ED09 /* HomeAPI.swift */ = {isa = PBXFileReference; lastKnownFileType = sourcecode.swift; path = HomeAPI.swift; sourceTree = "<group>"; };
		EE1F590828F68B280046ED09 /* CardResponse.swift */ = {isa = PBXFileReference; lastKnownFileType = sourcecode.swift; path = CardResponse.swift; sourceTree = "<group>"; };
		EE1F590E28F68BC00046ED09 /* CardRequest.swift */ = {isa = PBXFileReference; lastKnownFileType = sourcecode.swift; path = CardRequest.swift; sourceTree = "<group>"; };
		EE1F591028F68C0E0046ED09 /* HomeTarget.swift */ = {isa = PBXFileReference; lastKnownFileType = sourcecode.swift; path = HomeTarget.swift; sourceTree = "<group>"; };
		EE22491328F572D1007C5B16 /* UIApplication+Extension.swift */ = {isa = PBXFileReference; lastKnownFileType = sourcecode.swift; path = "UIApplication+Extension.swift"; sourceTree = "<group>"; };
		EE23A852291001BC0050175C /* DateView.swift */ = {isa = PBXFileReference; lastKnownFileType = sourcecode.swift; path = DateView.swift; sourceTree = "<group>"; };
		EE23C3E9293DE6100098740C /* UIImageView+.swift */ = {isa = PBXFileReference; lastKnownFileType = sourcecode.swift; path = "UIImageView+.swift"; sourceTree = "<group>"; };
		EE25ED5B293B897C00C579A5 /* CardCell.xib */ = {isa = PBXFileReference; fileEncoding = 4; lastKnownFileType = file.xib; path = CardCell.xib; sourceTree = "<group>"; };
		EE25ED5C293B897C00C579A5 /* ContentCell.xib */ = {isa = PBXFileReference; fileEncoding = 4; lastKnownFileType = file.xib; path = ContentCell.xib; sourceTree = "<group>"; };
		EE25ED5F293B899D00C579A5 /* EmptyCardCell.swift */ = {isa = PBXFileReference; lastKnownFileType = sourcecode.swift; path = EmptyCardCell.swift; sourceTree = "<group>"; };
		EE25ED60293B899D00C579A5 /* EmptyCardCell.xib */ = {isa = PBXFileReference; lastKnownFileType = file.xib; path = EmptyCardCell.xib; sourceTree = "<group>"; };
		EE300D6F293A30B000842742 /* VoteResultViewController.swift */ = {isa = PBXFileReference; lastKnownFileType = sourcecode.swift; path = VoteResultViewController.swift; sourceTree = "<group>"; };
		EE300D71293A339E00842742 /* VoteMemberCell.swift */ = {isa = PBXFileReference; lastKnownFileType = sourcecode.swift; path = VoteMemberCell.swift; sourceTree = "<group>"; };
		EE300D72293A339E00842742 /* VoteMemberCell.xib */ = {isa = PBXFileReference; lastKnownFileType = file.xib; path = VoteMemberCell.xib; sourceTree = "<group>"; };
		EE300D76293A362200842742 /* VoteMember.swift */ = {isa = PBXFileReference; lastKnownFileType = sourcecode.swift; path = VoteMember.swift; sourceTree = "<group>"; };
		EE300D79293A379300842742 /* VoteMemberListRequest.swift */ = {isa = PBXFileReference; lastKnownFileType = sourcecode.swift; path = VoteMemberListRequest.swift; sourceTree = "<group>"; };
		EE300D7B293A379C00842742 /* VoteMemberListResponse.swift */ = {isa = PBXFileReference; lastKnownFileType = sourcecode.swift; path = VoteMemberListResponse.swift; sourceTree = "<group>"; };
		EE300D7D293A3C3000842742 /* VoteResultViewModel.swift */ = {isa = PBXFileReference; lastKnownFileType = sourcecode.swift; path = VoteResultViewModel.swift; sourceTree = "<group>"; };
		EE3A078228F87075002C7E5D /* InviteModalViewModel.swift */ = {isa = PBXFileReference; lastKnownFileType = sourcecode.swift; path = InviteModalViewModel.swift; sourceTree = "<group>"; };
		EE3A078C28F8736A002C7E5D /* Friend.swift */ = {isa = PBXFileReference; lastKnownFileType = sourcecode.swift; path = Friend.swift; sourceTree = "<group>"; };
		EE3A079228F87473002C7E5D /* FriendRequest.swift */ = {isa = PBXFileReference; lastKnownFileType = sourcecode.swift; path = FriendRequest.swift; sourceTree = "<group>"; };
		EE3A079428F87478002C7E5D /* FriendResponse.swift */ = {isa = PBXFileReference; lastKnownFileType = sourcecode.swift; path = FriendResponse.swift; sourceTree = "<group>"; };
		EE3EA1A028D9CBF000CEFE36 /* .swiftlint.yml */ = {isa = PBXFileReference; lastKnownFileType = text.yaml; path = .swiftlint.yml; sourceTree = "<group>"; };
		EE3EA1AC28D9CD3300CEFE36 /* HomeViewController.swift */ = {isa = PBXFileReference; lastKnownFileType = sourcecode.swift; path = HomeViewController.swift; sourceTree = "<group>"; };
		EE3EA1B028D9CD3E00CEFE36 /* MoreViewController.swift */ = {isa = PBXFileReference; lastKnownFileType = sourcecode.swift; path = MoreViewController.swift; sourceTree = "<group>"; };
		EE45707D2914006100B13DF3 /* CertificationViewModel.swift */ = {isa = PBXFileReference; lastKnownFileType = sourcecode.swift; path = CertificationViewModel.swift; sourceTree = "<group>"; };
		EE45707F2914093100B13DF3 /* ImageCell.swift */ = {isa = PBXFileReference; lastKnownFileType = sourcecode.swift; path = ImageCell.swift; sourceTree = "<group>"; };
		EE4F4D6728EAE73C000C2FE7 /* CardCell.swift */ = {isa = PBXFileReference; lastKnownFileType = sourcecode.swift; path = CardCell.swift; sourceTree = "<group>"; };
		EE4F4D6F28EAEE76000C2FE7 /* HomeViewModel.swift */ = {isa = PBXFileReference; lastKnownFileType = sourcecode.swift; path = HomeViewModel.swift; sourceTree = "<group>"; };
		EE4F4D7228EAEF5E000C2FE7 /* Card.swift */ = {isa = PBXFileReference; lastKnownFileType = sourcecode.swift; path = Card.swift; sourceTree = "<group>"; };
		EE4F4D7828EB0357000C2FE7 /* homeMock.json */ = {isa = PBXFileReference; lastKnownFileType = text.json; path = homeMock.json; sourceTree = "<group>"; };
		EE5500A328E98543005F65AC /* ChatHeaderView.swift */ = {isa = PBXFileReference; lastKnownFileType = sourcecode.swift; path = ChatHeaderView.swift; sourceTree = "<group>"; };
		EE557F2329266649005685EC /* ReceiveImageMessageCell.swift */ = {isa = PBXFileReference; lastKnownFileType = sourcecode.swift; path = ReceiveImageMessageCell.swift; sourceTree = "<group>"; };
		EE557F2429266649005685EC /* ReceiveImageMessageCell.xib */ = {isa = PBXFileReference; lastKnownFileType = file.xib; path = ReceiveImageMessageCell.xib; sourceTree = "<group>"; };
		EE5BAE9F28E5B5B000589AC2 /* ChatRoomViewModel.swift */ = {isa = PBXFileReference; lastKnownFileType = sourcecode.swift; path = ChatRoomViewModel.swift; sourceTree = "<group>"; };
		EE5F31BC293330CC00046B00 /* VoteModalViewController.swift */ = {isa = PBXFileReference; lastKnownFileType = sourcecode.swift; path = VoteModalViewController.swift; sourceTree = "<group>"; };
		EE601ECC293DF30100AABA91 /* Data.swift */ = {isa = PBXFileReference; lastKnownFileType = sourcecode.swift; path = Data.swift; sourceTree = "<group>"; };
		EE6362992912115900A78758 /* ReceiveMessageWithProfileCell.swift */ = {isa = PBXFileReference; lastKnownFileType = sourcecode.swift; path = ReceiveMessageWithProfileCell.swift; sourceTree = "<group>"; };
		EE63629A2912115900A78758 /* ReceiveMessageWithProfileCell.xib */ = {isa = PBXFileReference; lastKnownFileType = file.xib; path = ReceiveMessageWithProfileCell.xib; sourceTree = "<group>"; };
		EE63629E29121B1600A78758 /* ChatResponse.swift */ = {isa = PBXFileReference; lastKnownFileType = sourcecode.swift; path = ChatResponse.swift; sourceTree = "<group>"; };
		EE66961D290183C300ECFC9A /* MissionRoomRequest.swift */ = {isa = PBXFileReference; lastKnownFileType = sourcecode.swift; path = MissionRoomRequest.swift; sourceTree = "<group>"; };
		EE6950F1292DF78300B933BD /* CertificationPostWithImageCell.swift */ = {isa = PBXFileReference; lastKnownFileType = sourcecode.swift; path = CertificationPostWithImageCell.swift; sourceTree = "<group>"; };
		EE6950F5292E074200B933BD /* CertificationBoardViewController.swift */ = {isa = PBXFileReference; lastKnownFileType = sourcecode.swift; path = CertificationBoardViewController.swift; sourceTree = "<group>"; };
		EE6950F8292E096E00B933BD /* CertificationPost.swift */ = {isa = PBXFileReference; lastKnownFileType = sourcecode.swift; path = CertificationPost.swift; sourceTree = "<group>"; };
		EE6950FB292E10FA00B933BD /* CertificationBoardViewModel.swift */ = {isa = PBXFileReference; lastKnownFileType = sourcecode.swift; path = CertificationBoardViewModel.swift; sourceTree = "<group>"; };
		EE695102292E127F00B933BD /* CertificateBoardRequest.swift */ = {isa = PBXFileReference; lastKnownFileType = sourcecode.swift; path = CertificateBoardRequest.swift; sourceTree = "<group>"; };
		EE695104292E128500B933BD /* CertificateBoardResponse.swift */ = {isa = PBXFileReference; lastKnownFileType = sourcecode.swift; path = CertificateBoardResponse.swift; sourceTree = "<group>"; };
		EE6A2BCF28E48474000656AA /* ChatRoomController.swift */ = {isa = PBXFileReference; lastKnownFileType = sourcecode.swift; path = ChatRoomController.swift; sourceTree = "<group>"; };
		EE6A2BD128E485C1000656AA /* SendMessageCell.swift */ = {isa = PBXFileReference; lastKnownFileType = sourcecode.swift; path = SendMessageCell.swift; sourceTree = "<group>"; };
		EE6A2BD228E485C1000656AA /* SendMessageCell.xib */ = {isa = PBXFileReference; lastKnownFileType = file.xib; path = SendMessageCell.xib; sourceTree = "<group>"; };
		EE6A2BD528E4893B000656AA /* ReceiveMessageCell.swift */ = {isa = PBXFileReference; lastKnownFileType = sourcecode.swift; path = ReceiveMessageCell.swift; sourceTree = "<group>"; };
		EE6A2BD628E4893B000656AA /* ReceiveMessageCell.xib */ = {isa = PBXFileReference; lastKnownFileType = file.xib; path = ReceiveMessageCell.xib; sourceTree = "<group>"; };
		EE6A2BD928E48ED8000656AA /* ChatModel.swift */ = {isa = PBXFileReference; lastKnownFileType = sourcecode.swift; path = ChatModel.swift; sourceTree = "<group>"; };
		EE77D5E328D9D0C100057EF8 /* CalendarViewController.swift */ = {isa = PBXFileReference; lastKnownFileType = sourcecode.swift; path = CalendarViewController.swift; sourceTree = "<group>"; };
		EE77D5E528D9D10B00057EF8 /* More.storyboard */ = {isa = PBXFileReference; lastKnownFileType = file.storyboard; path = More.storyboard; sourceTree = "<group>"; };
		EE77D5E728D9D11600057EF8 /* Calendar.storyboard */ = {isa = PBXFileReference; lastKnownFileType = file.storyboard; path = Calendar.storyboard; sourceTree = "<group>"; };
		EE77D5E928D9D14000057EF8 /* Home.storyboard */ = {isa = PBXFileReference; lastKnownFileType = file.storyboard; path = Home.storyboard; sourceTree = "<group>"; };
		EE77D5ED28D9D45100057EF8 /* Image.xcassets */ = {isa = PBXFileReference; lastKnownFileType = folder.assetcatalog; path = Image.xcassets; sourceTree = "<group>"; };
		EE77D5EF28D9D4A400057EF8 /* Assets.xcassets */ = {isa = PBXFileReference; lastKnownFileType = folder.assetcatalog; path = Assets.xcassets; sourceTree = "<group>"; };
		EE7857FE28EDB3DF00F8C309 /* MissionRoomFirstViewController.swift */ = {isa = PBXFileReference; lastKnownFileType = sourcecode.swift; path = MissionRoomFirstViewController.swift; sourceTree = "<group>"; };
		EE78580028EDB3EA00F8C309 /* MissionRoomSecondViewController.swift */ = {isa = PBXFileReference; lastKnownFileType = sourcecode.swift; path = MissionRoomSecondViewController.swift; sourceTree = "<group>"; };
		EE78580228EDB62300F8C309 /* MissionRoomSecondViewModel.swift */ = {isa = PBXFileReference; lastKnownFileType = sourcecode.swift; path = MissionRoomSecondViewModel.swift; sourceTree = "<group>"; };
		EE84AC45292F85A80032E963 /* CertificationPostCell.swift */ = {isa = PBXFileReference; lastKnownFileType = sourcecode.swift; path = CertificationPostCell.swift; sourceTree = "<group>"; };
		EE85BE0F28EF06AA006A0088 /* UILabel+Extension.swift */ = {isa = PBXFileReference; lastKnownFileType = sourcecode.swift; path = "UILabel+Extension.swift"; sourceTree = "<group>"; };
		EE889E8828DD6A87005DE44B /* Pretendard-Regular.otf */ = {isa = PBXFileReference; lastKnownFileType = file; path = "Pretendard-Regular.otf"; sourceTree = "<group>"; };
		EE889E8928DD6A87005DE44B /* Pretendard-Black.otf */ = {isa = PBXFileReference; lastKnownFileType = file; path = "Pretendard-Black.otf"; sourceTree = "<group>"; };
		EE889E8A28DD6A87005DE44B /* Pretendard-Thin.otf */ = {isa = PBXFileReference; lastKnownFileType = file; path = "Pretendard-Thin.otf"; sourceTree = "<group>"; };
		EE889E8B28DD6A87005DE44B /* Pretendard-SemiBold.otf */ = {isa = PBXFileReference; lastKnownFileType = file; path = "Pretendard-SemiBold.otf"; sourceTree = "<group>"; };
		EE889E8C28DD6A87005DE44B /* Pretendard-ExtraBold.otf */ = {isa = PBXFileReference; lastKnownFileType = file; path = "Pretendard-ExtraBold.otf"; sourceTree = "<group>"; };
		EE889E8D28DD6A87005DE44B /* Pretendard-Bold.otf */ = {isa = PBXFileReference; lastKnownFileType = file; path = "Pretendard-Bold.otf"; sourceTree = "<group>"; };
		EE889E8E28DD6A87005DE44B /* Pretendard-Light.otf */ = {isa = PBXFileReference; lastKnownFileType = file; path = "Pretendard-Light.otf"; sourceTree = "<group>"; };
		EE889E8F28DD6A87005DE44B /* Pretendard-Medium.otf */ = {isa = PBXFileReference; lastKnownFileType = file; path = "Pretendard-Medium.otf"; sourceTree = "<group>"; };
		EE889E9028DD6A87005DE44B /* Pretendard-ExtraLight.otf */ = {isa = PBXFileReference; lastKnownFileType = file; path = "Pretendard-ExtraLight.otf"; sourceTree = "<group>"; };
		EE896FD7293A48940030724D /* VoteMemberSectionModel.swift */ = {isa = PBXFileReference; lastKnownFileType = sourcecode.swift; path = VoteMemberSectionModel.swift; sourceTree = "<group>"; };
		EE8BE62D28F40747003686E3 /* TextFieldWithPadding.swift */ = {isa = PBXFileReference; lastKnownFileType = sourcecode.swift; path = TextFieldWithPadding.swift; sourceTree = "<group>"; };
		EE8BE63928F4532C003686E3 /* StompManager.swift */ = {isa = PBXFileReference; lastKnownFileType = sourcecode.swift; path = StompManager.swift; sourceTree = "<group>"; };
		EE8FF3F228FD4BC200EB5FBC /* StompTarget.swift */ = {isa = PBXFileReference; lastKnownFileType = sourcecode.swift; path = StompTarget.swift; sourceTree = "<group>"; };
		EE9EA67D2913D67B00F4E656 /* CertificationViewController.swift */ = {isa = PBXFileReference; lastKnownFileType = sourcecode.swift; path = CertificationViewController.swift; sourceTree = "<group>"; };
		EEA0C0B728ED390500282A30 /* ContentCell.swift */ = {isa = PBXFileReference; lastKnownFileType = sourcecode.swift; path = ContentCell.swift; sourceTree = "<group>"; };
		EEAEAD1528E91EF4004CA8BA /* mock.json */ = {isa = PBXFileReference; lastKnownFileType = text.json; path = mock.json; sourceTree = "<group>"; };
		EEAEAD1928E921C1004CA8BA /* SectionOfChatModel.swift */ = {isa = PBXFileReference; lastKnownFileType = sourcecode.swift; path = SectionOfChatModel.swift; sourceTree = "<group>"; };
		EEAEAD1B28E9237E004CA8BA /* ChatService.swift */ = {isa = PBXFileReference; lastKnownFileType = sourcecode.swift; path = ChatService.swift; sourceTree = "<group>"; };
		EEAEDA1428D9C05D000141ED /* DoitDowith-iOS.app */ = {isa = PBXFileReference; explicitFileType = wrapper.application; includeInIndex = 0; path = "DoitDowith-iOS.app"; sourceTree = BUILT_PRODUCTS_DIR; };
		EEAEDA1728D9C05D000141ED /* AppDelegate.swift */ = {isa = PBXFileReference; lastKnownFileType = sourcecode.swift; path = AppDelegate.swift; sourceTree = "<group>"; };
		EEAEDA1928D9C05D000141ED /* SceneDelegate.swift */ = {isa = PBXFileReference; lastKnownFileType = sourcecode.swift; path = SceneDelegate.swift; sourceTree = "<group>"; };
		EEAEDA1E28D9C05D000141ED /* Base */ = {isa = PBXFileReference; lastKnownFileType = file.storyboard; name = Base; path = Base.lproj/Main.storyboard; sourceTree = "<group>"; };
		EEAEDA2328D9C060000141ED /* Base */ = {isa = PBXFileReference; lastKnownFileType = file.storyboard; name = Base; path = Base.lproj/LaunchScreen.storyboard; sourceTree = "<group>"; };
		EEAEDA2528D9C060000141ED /* Info.plist */ = {isa = PBXFileReference; lastKnownFileType = text.plist.xml; path = Info.plist; sourceTree = "<group>"; };
		EEC0E866293F7E9E00B2B79C /* MissionRoomResponse.swift */ = {isa = PBXFileReference; lastKnownFileType = sourcecode.swift; path = MissionRoomResponse.swift; sourceTree = "<group>"; };
		EEC949DE28F7E1A300A9661F /* FriendProfileCell.swift */ = {isa = PBXFileReference; lastKnownFileType = sourcecode.swift; path = FriendProfileCell.swift; sourceTree = "<group>"; };
		EEC949DF28F7E1A300A9661F /* FriendProfileCell.xib */ = {isa = PBXFileReference; lastKnownFileType = file.xib; path = FriendProfileCell.xib; sourceTree = "<group>"; };
		EEC949E228F7F37100A9661F /* InviteModalViewController.swift */ = {isa = PBXFileReference; lastKnownFileType = sourcecode.swift; path = InviteModalViewController.swift; sourceTree = "<group>"; };
		EEC949E528F8083300A9661F /* FriendCell.swift */ = {isa = PBXFileReference; lastKnownFileType = sourcecode.swift; path = FriendCell.swift; sourceTree = "<group>"; };
		EEC949E628F8083300A9661F /* FriendCell.xib */ = {isa = PBXFileReference; lastKnownFileType = file.xib; path = FriendCell.xib; sourceTree = "<group>"; };
		EEC9EAEC28E49D07002918EA /* Date+Extension.swift */ = {isa = PBXFileReference; lastKnownFileType = sourcecode.swift; path = "Date+Extension.swift"; sourceTree = "<group>"; };
		EEC9EAF328E52B66002918EA /* CALayer+Extension.swift */ = {isa = PBXFileReference; lastKnownFileType = sourcecode.swift; path = "CALayer+Extension.swift"; sourceTree = "<group>"; };
		EED13236292F8B9700EA38CA /* CertificationPostCell.xib */ = {isa = PBXFileReference; fileEncoding = 4; lastKnownFileType = file.xib; path = CertificationPostCell.xib; sourceTree = "<group>"; };
		EED13237292F8B9700EA38CA /* CertificationPostWithImageCell.xib */ = {isa = PBXFileReference; fileEncoding = 4; lastKnownFileType = file.xib; path = CertificationPostWithImageCell.xib; sourceTree = "<group>"; };
		EEE063D52942140100D45493 /* LoginViewController.swift */ = {isa = PBXFileReference; lastKnownFileType = sourcecode.swift; path = LoginViewController.swift; sourceTree = "<group>"; };
		EEE063D7294214D600D45493 /* UIButton+.swift */ = {isa = PBXFileReference; lastKnownFileType = sourcecode.swift; path = "UIButton+.swift"; sourceTree = "<group>"; };
		EEE063D92942154B00D45493 /* UIView+.swift */ = {isa = PBXFileReference; lastKnownFileType = sourcecode.swift; path = "UIView+.swift"; sourceTree = "<group>"; };
		EEE063DD29421E0C00D45493 /* TabBarViewController.swift */ = {isa = PBXFileReference; lastKnownFileType = sourcecode.swift; path = TabBarViewController.swift; sourceTree = "<group>"; };
		EEE46C102924B0D90030A15E /* UIColor+.swift */ = {isa = PBXFileReference; lastKnownFileType = sourcecode.swift; path = "UIColor+.swift"; sourceTree = "<group>"; };
		EEE46C122924B4A00030A15E /* Colors.xcassets */ = {isa = PBXFileReference; lastKnownFileType = folder.assetcatalog; path = Colors.xcassets; sourceTree = "<group>"; };
		EEE8358B293ADAE4001C97CC /* VoteResultContentViewCell.swift */ = {isa = PBXFileReference; lastKnownFileType = sourcecode.swift; path = VoteResultContentViewCell.swift; sourceTree = "<group>"; };
		EEE8358C293ADAE4001C97CC /* VoteResultContentViewCell.xib */ = {isa = PBXFileReference; lastKnownFileType = file.xib; path = VoteResultContentViewCell.xib; sourceTree = "<group>"; };
		EEE8358F293B612E001C97CC /* CardSectionModel.swift */ = {isa = PBXFileReference; lastKnownFileType = sourcecode.swift; path = CardSectionModel.swift; sourceTree = "<group>"; };
/* End PBXFileReference section */

/* Begin PBXFrameworksBuildPhase section */
		EEAEDA1128D9C05D000141ED /* Frameworks */ = {
			isa = PBXFrameworksBuildPhase;
			buildActionMask = 2147483647;
			files = (
				9DD2A1DF4B9DBA828AF4FBC9 /* Pods_DoitDowith_iOS.framework in Frameworks */,
			);
			runOnlyForDeploymentPostprocessing = 0;
		};
/* End PBXFrameworksBuildPhase section */

/* Begin PBXGroup section */
		079D120AFDBAA6DA35DCAE69 /* Frameworks */ = {
			isa = PBXGroup;
			children = (
				C0286882C860FD524F209C7D /* Pods_DoitDowith_iOS.framework */,
			);
			name = Frameworks;
			sourceTree = "<group>";
		};
		EE1F58F928F688A10046ED09 /* Network */ = {
			isa = PBXGroup;
			children = (
				EE1F590428F68AFA0046ED09 /* APIs */,
				EE1F58FC28F688BB0046ED09 /* Bases */,
			);
			path = Network;
			sourceTree = "<group>";
		};
		EE1F58FC28F688BB0046ED09 /* Bases */ = {
			isa = PBXGroup;
			children = (
				EE1F58FA28F688B30046ED09 /* TargetType.swift */,
				EE1F58FD28F689340046ED09 /* HttpHeaderField.swift */,
			);
			path = Bases;
			sourceTree = "<group>";
		};
		EE1F590128F68A3E0046ED09 /* Domain */ = {
			isa = PBXGroup;
			children = (
				EE601ECB293DF2E700AABA91 /* DB */,
				EE4F4D7128EAEF54000C2FE7 /* Models */,
			);
			path = Domain;
			sourceTree = "<group>";
		};
		EE1F590228F68A6B0046ED09 /* Home */ = {
			isa = PBXGroup;
			children = (
				EE4F4D7228EAEF5E000C2FE7 /* Card.swift */,
				EE4F4D7828EB0357000C2FE7 /* homeMock.json */,
				EEE8358F293B612E001C97CC /* CardSectionModel.swift */,
			);
			path = Home;
			sourceTree = "<group>";
		};
		EE1F590328F68A710046ED09 /* Chat */ = {
			isa = PBXGroup;
			children = (
				EEAEAD1528E91EF4004CA8BA /* mock.json */,
				EE6A2BD928E48ED8000656AA /* ChatModel.swift */,
				EEAEAD1928E921C1004CA8BA /* SectionOfChatModel.swift */,
			);
			path = Chat;
			sourceTree = "<group>";
		};
		EE1F590428F68AFA0046ED09 /* APIs */ = {
			isa = PBXGroup;
			children = (
				EE63629D29121B0900A78758 /* Chat */,
				EE8FF3F128FD4BB900EB5FBC /* Stomp */,
				EE1F590528F68AFF0046ED09 /* Home */,
			);
			path = APIs;
			sourceTree = "<group>";
		};
		EE1F590528F68AFF0046ED09 /* Home */ = {
			isa = PBXGroup;
			children = (
				EE300D78293A378800842742 /* VoteMemberList */,
				EE6950FD292E11CD00B933BD /* CertificateBoard */,
				EE66961B290183AB00ECFC9A /* MissionRoom */,
				EE3A079628F8747D002C7E5D /* Card */,
				EE3A079128F8746D002C7E5D /* Friend */,
				EE1F590628F68B0D0046ED09 /* HomeAPI.swift */,
				EE1F591028F68C0E0046ED09 /* HomeTarget.swift */,
			);
			path = Home;
			sourceTree = "<group>";
		};
		EE255BB728EADB2F00DB555E /* View */ = {
			isa = PBXGroup;
			children = (
				EE8FF3F028FD38D900EB5FBC /* Xib */,
				EE6A2BCF28E48474000656AA /* ChatRoomController.swift */,
				EE6A2BD128E485C1000656AA /* SendMessageCell.swift */,
				EE6A2BD528E4893B000656AA /* ReceiveMessageCell.swift */,
				EE5500A328E98543005F65AC /* ChatHeaderView.swift */,
				EE1ED77729016AB80007F591 /* ChatRoomInformationModalWhenStarted.swift */,
				EE23A852291001BC0050175C /* DateView.swift */,
				EE6362992912115900A78758 /* ReceiveMessageWithProfileCell.swift */,
				EE557F2329266649005685EC /* ReceiveImageMessageCell.swift */,
				EE05C25129266C4000FAA844 /* SendImageMessageCell.swift */,
			);
			path = View;
			sourceTree = "<group>";
		};
		EE255BB928EADB4100DB555E /* ViewModel */ = {
			isa = PBXGroup;
			children = (
				EE5BAE9F28E5B5B000589AC2 /* ChatRoomViewModel.swift */,
				EE1ED77929016B7D0007F591 /* InformationModalViewModel.swift */,
			);
			path = ViewModel;
			sourceTree = "<group>";
		};
		EE300D78293A378800842742 /* VoteMemberList */ = {
			isa = PBXGroup;
			children = (
				EE300D79293A379300842742 /* VoteMemberListRequest.swift */,
				EE300D7B293A379C00842742 /* VoteMemberListResponse.swift */,
			);
			path = VoteMemberList;
			sourceTree = "<group>";
		};
		EE3A078428F8707E002C7E5D /* View */ = {
			isa = PBXGroup;
			children = (
				EE3A078728F87093002C7E5D /* Xib */,
				EE78580028EDB3EA00F8C309 /* MissionRoomSecondViewController.swift */,
				EEC949E228F7F37100A9661F /* InviteModalViewController.swift */,
				EEC949E528F8083300A9661F /* FriendCell.swift */,
				EEC949DE28F7E1A300A9661F /* FriendProfileCell.swift */,
			);
			path = View;
			sourceTree = "<group>";
		};
		EE3A078528F87084002C7E5D /* ViewModel */ = {
			isa = PBXGroup;
			children = (
				EE78580228EDB62300F8C309 /* MissionRoomSecondViewModel.swift */,
				EE3A078228F87075002C7E5D /* InviteModalViewModel.swift */,
			);
			path = ViewModel;
			sourceTree = "<group>";
		};
		EE3A078728F87093002C7E5D /* Xib */ = {
			isa = PBXGroup;
			children = (
				EEC949DF28F7E1A300A9661F /* FriendProfileCell.xib */,
				EEC949E628F8083300A9661F /* FriendCell.xib */,
			);
			path = Xib;
			sourceTree = "<group>";
		};
		EE3A078828F870B1002C7E5D /* View */ = {
			isa = PBXGroup;
			children = (
				EE3A078A28F870C0002C7E5D /* Xib */,
				EE7857FE28EDB3DF00F8C309 /* MissionRoomFirstViewController.swift */,
				EE1F58F328F6711B0046ED09 /* ColorCell.swift */,
			);
			path = View;
			sourceTree = "<group>";
		};
		EE3A078928F870B4002C7E5D /* ViewModel */ = {
			isa = PBXGroup;
			children = (
				EE1BE9AF28F5AE94005433FA /* MissionRoomFirstViewModel.swift */,
			);
			path = ViewModel;
			sourceTree = "<group>";
		};
		EE3A078A28F870C0002C7E5D /* Xib */ = {
			isa = PBXGroup;
			children = (
				EE1F58F428F6711B0046ED09 /* ColorCell.xib */,
			);
			path = Xib;
			sourceTree = "<group>";
		};
		EE3A078B28F87356002C7E5D /* Friend */ = {
			isa = PBXGroup;
			children = (
				EE3A078C28F8736A002C7E5D /* Friend.swift */,
			);
			path = Friend;
			sourceTree = "<group>";
		};
		EE3A079128F8746D002C7E5D /* Friend */ = {
			isa = PBXGroup;
			children = (
				EE3A079228F87473002C7E5D /* FriendRequest.swift */,
				EE3A079428F87478002C7E5D /* FriendResponse.swift */,
			);
			path = Friend;
			sourceTree = "<group>";
		};
		EE3A079628F8747D002C7E5D /* Card */ = {
			isa = PBXGroup;
			children = (
				EE1F590E28F68BC00046ED09 /* CardRequest.swift */,
				EE1F590828F68B280046ED09 /* CardResponse.swift */,
			);
			path = Card;
			sourceTree = "<group>";
		};
		EE3EA1A228D9CCAB00CEFE36 /* Home */ = {
			isa = PBXGroup;
			children = (
				EEE70A78292DDA550085D22F /* CertificationBoard */,
				EE9EA67C2913D5E400F4E656 /* Certification */,
				EE7857FD28EDB3B600F8C309 /* InviteMissionFirst */,
				EEC949E428F8078C00A9661F /* InviteMissionSecond */,
				EE4F4D6228EAE5E3000C2FE7 /* Home */,
				EE6A2BCE28E48463000656AA /* Chat */,
			);
			path = Home;
			sourceTree = "<group>";
		};
		EE3EA1A328D9CCAF00CEFE36 /* More */ = {
			isa = PBXGroup;
			children = (
				EE3EA1B028D9CD3E00CEFE36 /* MoreViewController.swift */,
				18F863CA2947345700EC96A7 /* NetworkService.swift */,
				1824EDAE29019BDC007BA66B /* OtherTableViewCell.swift */,
				1824EDB82901AB31007BA66B /* FriendListTableViewCell.swift */,
				EE77D5E528D9D10B00057EF8 /* More.storyboard */,
				1824EDBA2901B0AF007BA66B /* ModalViewController.swift */,
				1824EDB62901A963007BA66B /* FriendListViewController.swift */,
				1824EDB02901A7B6007BA66B /* NoticeViewController.swift */,
				1824EDB22901A7C5007BA66B /* CSViewController.swift */,
				1824EDB42901A7DC007BA66B /* SettingViewController.swift */,
				18F863C82947257100EC96A7 /* Mypage.swift */,
				18E69C982950491600A644F7 /* requestFriend.swift */,
			);
			path = More;
			sourceTree = "<group>";
		};
		EE3EA1A428D9CCD400CEFE36 /* Calendar */ = {
			isa = PBXGroup;
			children = (
				EE77D5E328D9D0C100057EF8 /* CalendarViewController.swift */,
				EE77D5E728D9D11600057EF8 /* Calendar.storyboard */,
				18C692FB2940B9720039D91E /* CustomCell.swift */,
			);
			path = Calendar;
			sourceTree = "<group>";
		};
		EE4F4D6228EAE5E3000C2FE7 /* Home */ = {
			isa = PBXGroup;
			children = (
				EE4F4D6E28EAEE6E000C2FE7 /* ViewModel */,
				EE4F4D6D28EAEE61000C2FE7 /* View */,
			);
			path = Home;
			sourceTree = "<group>";
		};
		EE4F4D6D28EAEE61000C2FE7 /* View */ = {
			isa = PBXGroup;
			children = (
				EE85503C293B84B10045E510 /* Nib */,
				EE3EA1AC28D9CD3300CEFE36 /* HomeViewController.swift */,
				EE77D5E928D9D14000057EF8 /* Home.storyboard */,
				EE4F4D6728EAE73C000C2FE7 /* CardCell.swift */,
				EEA0C0B728ED390500282A30 /* ContentCell.swift */,
				EE25ED5F293B899D00C579A5 /* EmptyCardCell.swift */,
			);
			path = View;
			sourceTree = "<group>";
		};
		EE4F4D6E28EAEE6E000C2FE7 /* ViewModel */ = {
			isa = PBXGroup;
			children = (
				EE4F4D6F28EAEE76000C2FE7 /* HomeViewModel.swift */,
			);
			path = ViewModel;
			sourceTree = "<group>";
		};
		EE4F4D7128EAEF54000C2FE7 /* Models */ = {
			isa = PBXGroup;
			children = (
				EE6950F7292E095C00B933BD /* CertificateBoard */,
				EE3A078B28F87356002C7E5D /* Friend */,
				EE1F590328F68A710046ED09 /* Chat */,
				EE1F590228F68A6B0046ED09 /* Home */,
			);
			path = Models;
			sourceTree = "<group>";
		};
		EE601ECB293DF2E700AABA91 /* DB */ = {
			isa = PBXGroup;
			children = (
				EE601ECC293DF30100AABA91 /* Data.swift */,
			);
			path = DB;
			sourceTree = "<group>";
		};
		EE63629D29121B0900A78758 /* Chat */ = {
			isa = PBXGroup;
			children = (
				EE63629E29121B1600A78758 /* ChatResponse.swift */,
			);
			path = Chat;
			sourceTree = "<group>";
		};
		EE66961B290183AB00ECFC9A /* MissionRoom */ = {
			isa = PBXGroup;
			children = (
				EE66961D290183C300ECFC9A /* MissionRoomRequest.swift */,
				EEC0E866293F7E9E00B2B79C /* MissionRoomResponse.swift */,
			);
			path = MissionRoom;
			sourceTree = "<group>";
		};
		EE6950F7292E095C00B933BD /* CertificateBoard */ = {
			isa = PBXGroup;
			children = (
				EE6950F8292E096E00B933BD /* CertificationPost.swift */,
				EE300D76293A362200842742 /* VoteMember.swift */,
				EE896FD7293A48940030724D /* VoteMemberSectionModel.swift */,
			);
			path = CertificateBoard;
			sourceTree = "<group>";
		};
		EE6950FA292E10EB00B933BD /* ViewModel */ = {
			isa = PBXGroup;
			children = (
				EE6950FB292E10FA00B933BD /* CertificationBoardViewModel.swift */,
				EE300D7D293A3C3000842742 /* VoteResultViewModel.swift */,
			);
			path = ViewModel;
			sourceTree = "<group>";
		};
		EE6950FD292E11CD00B933BD /* CertificateBoard */ = {
			isa = PBXGroup;
			children = (
				EE695102292E127F00B933BD /* CertificateBoardRequest.swift */,
				EE695104292E128500B933BD /* CertificateBoardResponse.swift */,
			);
			path = CertificateBoard;
			sourceTree = "<group>";
		};
		EE6A2BCE28E48463000656AA /* Chat */ = {
			isa = PBXGroup;
			children = (
				EE255BB928EADB4100DB555E /* ViewModel */,
				EE255BB728EADB2F00DB555E /* View */,
			);
			path = Chat;
			sourceTree = "<group>";
		};
		EE7857FD28EDB3B600F8C309 /* InviteMissionFirst */ = {
			isa = PBXGroup;
			children = (
				EE3A078928F870B4002C7E5D /* ViewModel */,
				EE3A078828F870B1002C7E5D /* View */,
			);
			path = InviteMissionFirst;
			sourceTree = "<group>";
		};
		EE84AC44292F85770032E963 /* View */ = {
			isa = PBXGroup;
			children = (
				EE84AC49292F8ACF0032E963 /* Nib */,
				EE6950F5292E074200B933BD /* CertificationBoardViewController.swift */,
				EE300D71293A339E00842742 /* VoteMemberCell.swift */,
				EE6950F1292DF78300B933BD /* CertificationPostWithImageCell.swift */,
				EE84AC45292F85A80032E963 /* CertificationPostCell.swift */,
				EE5F31BC293330CC00046B00 /* VoteModalViewController.swift */,
				EE300D6F293A30B000842742 /* VoteResultViewController.swift */,
				EEE8358B293ADAE4001C97CC /* VoteResultContentViewCell.swift */,
			);
			path = View;
			sourceTree = "<group>";
		};
		EE84AC49292F8ACF0032E963 /* Nib */ = {
			isa = PBXGroup;
			children = (
				EEE8358C293ADAE4001C97CC /* VoteResultContentViewCell.xib */,
				EED13236292F8B9700EA38CA /* CertificationPostCell.xib */,
				EED13237292F8B9700EA38CA /* CertificationPostWithImageCell.xib */,
				EE300D72293A339E00842742 /* VoteMemberCell.xib */,
			);
			path = Nib;
			sourceTree = "<group>";
		};
		EE85503C293B84B10045E510 /* Nib */ = {
			isa = PBXGroup;
			children = (
				EE25ED5B293B897C00C579A5 /* CardCell.xib */,
				EE25ED5C293B897C00C579A5 /* ContentCell.xib */,
				EE25ED60293B899D00C579A5 /* EmptyCardCell.xib */,
			);
			path = Nib;
			sourceTree = "<group>";
		};
		EE889E8728DD6A37005DE44B /* Font */ = {
			isa = PBXGroup;
			children = (
				EE889E8928DD6A87005DE44B /* Pretendard-Black.otf */,
				EE889E8D28DD6A87005DE44B /* Pretendard-Bold.otf */,
				EE889E8C28DD6A87005DE44B /* Pretendard-ExtraBold.otf */,
				EE889E9028DD6A87005DE44B /* Pretendard-ExtraLight.otf */,
				EE889E8E28DD6A87005DE44B /* Pretendard-Light.otf */,
				EE889E8F28DD6A87005DE44B /* Pretendard-Medium.otf */,
				EE889E8828DD6A87005DE44B /* Pretendard-Regular.otf */,
				EE889E8B28DD6A87005DE44B /* Pretendard-SemiBold.otf */,
				EE889E8A28DD6A87005DE44B /* Pretendard-Thin.otf */,
			);
			path = Font;
			sourceTree = "<group>";
		};
		EE8BE62C28F4072A003686E3 /* Custom */ = {
			isa = PBXGroup;
			children = (
				EE8BE62D28F40747003686E3 /* TextFieldWithPadding.swift */,
			);
			path = Custom;
			sourceTree = "<group>";
		};
		EE8FF3F028FD38D900EB5FBC /* Xib */ = {
			isa = PBXGroup;
			children = (
				EE6A2BD228E485C1000656AA /* SendMessageCell.xib */,
				EE6A2BD628E4893B000656AA /* ReceiveMessageCell.xib */,
				EE63629A2912115900A78758 /* ReceiveMessageWithProfileCell.xib */,
				EE557F2429266649005685EC /* ReceiveImageMessageCell.xib */,
				EE05C25229266C4000FAA844 /* SendImageMessageCell.xib */,
			);
			path = Xib;
			sourceTree = "<group>";
		};
		EE8FF3F128FD4BB900EB5FBC /* Stomp */ = {
			isa = PBXGroup;
			children = (
				EEAEAD1B28E9237E004CA8BA /* ChatService.swift */,
				EE8BE63928F4532C003686E3 /* StompManager.swift */,
				EE8FF3F228FD4BC200EB5FBC /* StompTarget.swift */,
			);
			path = Stomp;
			sourceTree = "<group>";
		};
		EE9EA67C2913D5E400F4E656 /* Certification */ = {
			isa = PBXGroup;
			children = (
				EE9EA67D2913D67B00F4E656 /* CertificationViewController.swift */,
				EE45707D2914006100B13DF3 /* CertificationViewModel.swift */,
				EE45707F2914093100B13DF3 /* ImageCell.swift */,
			);
			path = Certification;
			sourceTree = "<group>";
		};
		EEAEDA0B28D9C05D000141ED = {
			isa = PBXGroup;
			children = (
				EE3EA1A028D9CBF000CEFE36 /* .swiftlint.yml */,
				EEAEDA1628D9C05D000141ED /* DoitDowith-iOS */,
				EEAEDA1528D9C05D000141ED /* Products */,
				FD26D42518E000317F30045C /* Pods */,
				079D120AFDBAA6DA35DCAE69 /* Frameworks */,
			);
			sourceTree = "<group>";
		};
		EEAEDA1528D9C05D000141ED /* Products */ = {
			isa = PBXGroup;
			children = (
				EEAEDA1428D9C05D000141ED /* DoitDowith-iOS.app */,
			);
			name = Products;
			sourceTree = "<group>";
		};
		EEAEDA1628D9C05D000141ED /* DoitDowith-iOS */ = {
			isa = PBXGroup;
			children = (
				EEC4991728D9C1F3003AF6C4 /* Application */,
				EEC4991928D9C24B003AF6C4 /* Resources */,
				EEC4991A28D9C2A4003AF6C4 /* Sources */,
			);
			path = "DoitDowith-iOS";
			sourceTree = "<group>";
		};
		EEC4991728D9C1F3003AF6C4 /* Application */ = {
			isa = PBXGroup;
			children = (
				EEAEDA2528D9C060000141ED /* Info.plist */,
				EEAEDA1728D9C05D000141ED /* AppDelegate.swift */,
				EEAEDA1928D9C05D000141ED /* SceneDelegate.swift */,
			);
			path = Application;
			sourceTree = "<group>";
		};
		EEC4991828D9C200003AF6C4 /* Assets */ = {
			isa = PBXGroup;
			children = (
				EE77D5EF28D9D4A400057EF8 /* Assets.xcassets */,
				EE77D5ED28D9D45100057EF8 /* Image.xcassets */,
				EEE46C122924B4A00030A15E /* Colors.xcassets */,
			);
			path = Assets;
			sourceTree = "<group>";
		};
		EEC4991928D9C24B003AF6C4 /* Resources */ = {
			isa = PBXGroup;
			children = (
				EE8BE62C28F4072A003686E3 /* Custom */,
				EEC9EAF028E4A329002918EA /* Extension */,
				EE889E8728DD6A37005DE44B /* Font */,
				EEC4991828D9C200003AF6C4 /* Assets */,
			);
			path = Resources;
			sourceTree = "<group>";
		};
		EEC4991A28D9C2A4003AF6C4 /* Sources */ = {
			isa = PBXGroup;
			children = (
				EE1F590128F68A3E0046ED09 /* Domain */,
				EE1F58F928F688A10046ED09 /* Network */,
				EEC4991E28D9C2E8003AF6C4 /* Presenter */,
			);
			path = Sources;
			sourceTree = "<group>";
		};
		EEC4991E28D9C2E8003AF6C4 /* Presenter */ = {
			isa = PBXGroup;
			children = (
				EEE063D4294213B800D45493 /* Login */,
				EEAEDA2228D9C060000141ED /* LaunchScreen.storyboard */,
				EEAEDA1D28D9C05D000141ED /* Main.storyboard */,
				EE3EA1A428D9CCD400CEFE36 /* Calendar */,
				EE3EA1A228D9CCAB00CEFE36 /* Home */,
				EE3EA1A328D9CCAF00CEFE36 /* More */,
				EEE063DD29421E0C00D45493 /* TabBarViewController.swift */,
			);
			path = Presenter;
			sourceTree = "<group>";
		};
		EEC949E428F8078C00A9661F /* InviteMissionSecond */ = {
			isa = PBXGroup;
			children = (
				EE3A078528F87084002C7E5D /* ViewModel */,
				EE3A078428F8707E002C7E5D /* View */,
			);
			path = InviteMissionSecond;
			sourceTree = "<group>";
		};
		EEC9EAF028E4A329002918EA /* Extension */ = {
			isa = PBXGroup;
			children = (
				EEC9EAEC28E49D07002918EA /* Date+Extension.swift */,
				EEC9EAF328E52B66002918EA /* CALayer+Extension.swift */,
				EE85BE0F28EF06AA006A0088 /* UILabel+Extension.swift */,
				EE22491328F572D1007C5B16 /* UIApplication+Extension.swift */,
				EE1F58FF28F6894C0046ED09 /* Encodable+Extension.swift */,
				EEE46C102924B0D90030A15E /* UIColor+.swift */,
				EE23C3E9293DE6100098740C /* UIImageView+.swift */,
				EEE063D7294214D600D45493 /* UIButton+.swift */,
				EEE063D92942154B00D45493 /* UIView+.swift */,
			);
			path = Extension;
			sourceTree = "<group>";
		};
		EEE063D4294213B800D45493 /* Login */ = {
			isa = PBXGroup;
			children = (
				EEE063D52942140100D45493 /* LoginViewController.swift */,
			);
			path = Login;
			sourceTree = "<group>";
		};
		EEE70A78292DDA550085D22F /* CertificationBoard */ = {
			isa = PBXGroup;
			children = (
				EE84AC44292F85770032E963 /* View */,
				EE6950FA292E10EB00B933BD /* ViewModel */,
			);
			path = CertificationBoard;
			sourceTree = "<group>";
		};
		FD26D42518E000317F30045C /* Pods */ = {
			isa = PBXGroup;
			children = (
				24691D147FCF764B27B270A4 /* Pods-DoitDowith-iOS.debug.xcconfig */,
				6DF2D234DA10A353A3131702 /* Pods-DoitDowith-iOS.release.xcconfig */,
			);
			path = Pods;
			sourceTree = "<group>";
		};
/* End PBXGroup section */

/* Begin PBXNativeTarget section */
		EEAEDA1328D9C05D000141ED /* DoitDowith-iOS */ = {
			isa = PBXNativeTarget;
			buildConfigurationList = EEAEDA2828D9C060000141ED /* Build configuration list for PBXNativeTarget "DoitDowith-iOS" */;
			buildPhases = (
				FE26E7BEDA692E97DB829FC4 /* [CP] Check Pods Manifest.lock */,
				EEF4274D28D9C9EB00633500 /* SwiftLint Script */,
				EEAEDA1028D9C05D000141ED /* Sources */,
				EEAEDA1128D9C05D000141ED /* Frameworks */,
				EEAEDA1228D9C05D000141ED /* Resources */,
				2D21B02E82729D30B5479C1B /* [CP] Embed Pods Frameworks */,
			);
			buildRules = (
			);
			dependencies = (
			);
			name = "DoitDowith-iOS";
			productName = "DoitDowith-iOS";
			productReference = EEAEDA1428D9C05D000141ED /* DoitDowith-iOS.app */;
			productType = "com.apple.product-type.application";
		};
/* End PBXNativeTarget section */

/* Begin PBXProject section */
		EEAEDA0C28D9C05D000141ED /* Project object */ = {
			isa = PBXProject;
			attributes = {
				BuildIndependentTargetsInParallel = 1;
				LastSwiftUpdateCheck = 1340;
				LastUpgradeCheck = 1340;
				TargetAttributes = {
					EEAEDA1328D9C05D000141ED = {
						CreatedOnToolsVersion = 13.4.1;
					};
				};
			};
			buildConfigurationList = EEAEDA0F28D9C05D000141ED /* Build configuration list for PBXProject "DoitDowith-iOS" */;
			compatibilityVersion = "Xcode 13.0";
			developmentRegion = en;
			hasScannedForEncodings = 0;
			knownRegions = (
				en,
				Base,
			);
			mainGroup = EEAEDA0B28D9C05D000141ED;
			productRefGroup = EEAEDA1528D9C05D000141ED /* Products */;
			projectDirPath = "";
			projectRoot = "";
			targets = (
				EEAEDA1328D9C05D000141ED /* DoitDowith-iOS */,
			);
		};
/* End PBXProject section */

/* Begin PBXResourcesBuildPhase section */
		EEAEDA1228D9C05D000141ED /* Resources */ = {
			isa = PBXResourcesBuildPhase;
			buildActionMask = 2147483647;
			files = (
				EE77D5EA28D9D14000057EF8 /* Home.storyboard in Resources */,
				EE889E9128DD6A87005DE44B /* Pretendard-Regular.otf in Resources */,
				EE889E9928DD6A87005DE44B /* Pretendard-ExtraLight.otf in Resources */,
				EE557F2629266649005685EC /* ReceiveImageMessageCell.xib in Resources */,
				EE3EA1A128D9CBF000CEFE36 /* .swiftlint.yml in Resources */,
				EEE8358E293ADAE4001C97CC /* VoteResultContentViewCell.xib in Resources */,
				EE77D5EE28D9D45100057EF8 /* Image.xcassets in Resources */,
				EE25ED5E293B897C00C579A5 /* ContentCell.xib in Resources */,
				EEAEDA2428D9C060000141ED /* LaunchScreen.storyboard in Resources */,
				EED13238292F8B9700EA38CA /* CertificationPostCell.xib in Resources */,
				EE889E9228DD6A87005DE44B /* Pretendard-Black.otf in Resources */,
				EED13239292F8B9700EA38CA /* CertificationPostWithImageCell.xib in Resources */,
				EE4F4D7928EB0357000C2FE7 /* homeMock.json in Resources */,
				EE77D5E628D9D10C00057EF8 /* More.storyboard in Resources */,
				EEAEDA1F28D9C05D000141ED /* Main.storyboard in Resources */,
				EE889E9628DD6A87005DE44B /* Pretendard-Bold.otf in Resources */,
				EEC949E128F7E1A300A9661F /* FriendProfileCell.xib in Resources */,
				EEAEAD1628E91EF4004CA8BA /* mock.json in Resources */,
				EE1F58F628F6711B0046ED09 /* ColorCell.xib in Resources */,
				EE6A2BD828E4893B000656AA /* ReceiveMessageCell.xib in Resources */,
				EE25ED62293B899D00C579A5 /* EmptyCardCell.xib in Resources */,
				EE889E9828DD6A87005DE44B /* Pretendard-Medium.otf in Resources */,
				EE300D74293A339E00842742 /* VoteMemberCell.xib in Resources */,
				EE889E9328DD6A87005DE44B /* Pretendard-Thin.otf in Resources */,
				EE25ED5D293B897C00C579A5 /* CardCell.xib in Resources */,
				EE889E9528DD6A87005DE44B /* Pretendard-ExtraBold.otf in Resources */,
				EE77D5F028D9D4A400057EF8 /* Assets.xcassets in Resources */,
				EE6A2BD428E485C1000656AA /* SendMessageCell.xib in Resources */,
				EE05C25429266C4000FAA844 /* SendImageMessageCell.xib in Resources */,
				EEC949E828F8083300A9661F /* FriendCell.xib in Resources */,
				EE63629C2912115900A78758 /* ReceiveMessageWithProfileCell.xib in Resources */,
				EE889E9428DD6A87005DE44B /* Pretendard-SemiBold.otf in Resources */,
				EEE46C132924B4A00030A15E /* Colors.xcassets in Resources */,
				EE77D5E828D9D11600057EF8 /* Calendar.storyboard in Resources */,
				EE889E9728DD6A87005DE44B /* Pretendard-Light.otf in Resources */,
			);
			runOnlyForDeploymentPostprocessing = 0;
		};
/* End PBXResourcesBuildPhase section */

/* Begin PBXShellScriptBuildPhase section */
		2D21B02E82729D30B5479C1B /* [CP] Embed Pods Frameworks */ = {
			isa = PBXShellScriptBuildPhase;
			buildActionMask = 2147483647;
			files = (
			);
			inputFileListPaths = (
				"${PODS_ROOT}/Target Support Files/Pods-DoitDowith-iOS/Pods-DoitDowith-iOS-frameworks-${CONFIGURATION}-input-files.xcfilelist",
			);
			name = "[CP] Embed Pods Frameworks";
			outputFileListPaths = (
				"${PODS_ROOT}/Target Support Files/Pods-DoitDowith-iOS/Pods-DoitDowith-iOS-frameworks-${CONFIGURATION}-output-files.xcfilelist",
			);
			runOnlyForDeploymentPostprocessing = 0;
			shellPath = /bin/sh;
			shellScript = "\"${PODS_ROOT}/Target Support Files/Pods-DoitDowith-iOS/Pods-DoitDowith-iOS-frameworks.sh\"\n";
			showEnvVarsInLog = 0;
		};
		EEF4274D28D9C9EB00633500 /* SwiftLint Script */ = {
			isa = PBXShellScriptBuildPhase;
			alwaysOutOfDate = 1;
			buildActionMask = 2147483647;
			files = (
			);
			inputFileListPaths = (
			);
			inputPaths = (
			);
			name = "SwiftLint Script";
			outputFileListPaths = (
			);
			outputPaths = (
			);
			runOnlyForDeploymentPostprocessing = 0;
			shellPath = /bin/sh;
			shellScript = "# Type a script or drag a script file from your workspace to insert its path.\nexport PATH=\"$PATH:/opt/homebrew/bin\"\nif which swiftlint > /dev/null; then\n  swiftlint\nelse\n  echo \"warning: SwiftLint not installed, download from https://github.com/realm/SwiftLint\"\nfi\n";
		};
		FE26E7BEDA692E97DB829FC4 /* [CP] Check Pods Manifest.lock */ = {
			isa = PBXShellScriptBuildPhase;
			buildActionMask = 2147483647;
			files = (
			);
			inputFileListPaths = (
			);
			inputPaths = (
				"${PODS_PODFILE_DIR_PATH}/Podfile.lock",
				"${PODS_ROOT}/Manifest.lock",
			);
			name = "[CP] Check Pods Manifest.lock";
			outputFileListPaths = (
			);
			outputPaths = (
				"$(DERIVED_FILE_DIR)/Pods-DoitDowith-iOS-checkManifestLockResult.txt",
			);
			runOnlyForDeploymentPostprocessing = 0;
			shellPath = /bin/sh;
			shellScript = "diff \"${PODS_PODFILE_DIR_PATH}/Podfile.lock\" \"${PODS_ROOT}/Manifest.lock\" > /dev/null\nif [ $? != 0 ] ; then\n    # print error to STDERR\n    echo \"error: The sandbox is not in sync with the Podfile.lock. Run 'pod install' or update your CocoaPods installation.\" >&2\n    exit 1\nfi\n# This output is used by Xcode 'outputs' to avoid re-running this script phase.\necho \"SUCCESS\" > \"${SCRIPT_OUTPUT_FILE_0}\"\n";
			showEnvVarsInLog = 0;
		};
/* End PBXShellScriptBuildPhase section */

/* Begin PBXSourcesBuildPhase section */
		EEAEDA1028D9C05D000141ED /* Sources */ = {
			isa = PBXSourcesBuildPhase;
			buildActionMask = 2147483647;
			files = (
				EEE063D62942140100D45493 /* LoginViewController.swift in Sources */,
				EEC0E867293F7E9E00B2B79C /* MissionRoomResponse.swift in Sources */,
				EE4F4D7028EAEE76000C2FE7 /* HomeViewModel.swift in Sources */,
				EE695105292E128500B933BD /* CertificateBoardResponse.swift in Sources */,
				EEE063D8294214D600D45493 /* UIButton+.swift in Sources */,
				EE1F590F28F68BC00046ED09 /* CardRequest.swift in Sources */,
				EEAEAD1A28E921C1004CA8BA /* SectionOfChatModel.swift in Sources */,
				EE3EA1B228D9CD3E00CEFE36 /* MoreViewController.swift in Sources */,
				EE6A2BD728E4893B000656AA /* ReceiveMessageCell.swift in Sources */,
				EE557F2529266649005685EC /* ReceiveImageMessageCell.swift in Sources */,
				EEAEDA1828D9C05D000141ED /* AppDelegate.swift in Sources */,
				1824EDBB2901B0AF007BA66B /* ModalViewController.swift in Sources */,
				EEE8358D293ADAE4001C97CC /* VoteResultContentViewCell.swift in Sources */,
				EE695103292E127F00B933BD /* CertificateBoardRequest.swift in Sources */,
				EE1BE9B028F5AE94005433FA /* MissionRoomFirstViewModel.swift in Sources */,
				EEAEDA1A28D9C05D000141ED /* SceneDelegate.swift in Sources */,
				EE601ECD293DF30100AABA91 /* Data.swift in Sources */,
				1824EDB32901A7C5007BA66B /* CSViewController.swift in Sources */,
				EE9EA67E2913D67B00F4E656 /* CertificationViewController.swift in Sources */,
				EE63629B2912115900A78758 /* ReceiveMessageWithProfileCell.swift in Sources */,
				EE300D7C293A379C00842742 /* VoteMemberListResponse.swift in Sources */,
				EEC9EAED28E49D07002918EA /* Date+Extension.swift in Sources */,
				EEE063DA2942154B00D45493 /* UIView+.swift in Sources */,
				EE6A2BDA28E48ED8000656AA /* ChatModel.swift in Sources */,
				EEE063DE29421E0C00D45493 /* TabBarViewController.swift in Sources */,
				EE3A079328F87473002C7E5D /* FriendRequest.swift in Sources */,
				EE25ED61293B899D00C579A5 /* EmptyCardCell.swift in Sources */,
				EE300D77293A362200842742 /* VoteMember.swift in Sources */,
				EE4F4D7328EAEF5E000C2FE7 /* Card.swift in Sources */,
				EE5F31BD293330CC00046B00 /* VoteModalViewController.swift in Sources */,
				EE8BE63A28F4532C003686E3 /* StompManager.swift in Sources */,
				EE896FD8293A48940030724D /* VoteMemberSectionModel.swift in Sources */,
				EE300D73293A339E00842742 /* VoteMemberCell.swift in Sources */,
				EEC9EAF428E52B66002918EA /* CALayer+Extension.swift in Sources */,
				EE1F590928F68B280046ED09 /* CardResponse.swift in Sources */,
				EE6950F6292E074200B933BD /* CertificationBoardViewController.swift in Sources */,
				1824EDB72901A963007BA66B /* FriendListViewController.swift in Sources */,
				EE8BE62E28F40747003686E3 /* TextFieldWithPadding.swift in Sources */,
				EE7857FF28EDB3DF00F8C309 /* MissionRoomFirstViewController.swift in Sources */,
				EE300D7E293A3C3000842742 /* VoteResultViewModel.swift in Sources */,
				18F863CB2947345700EC96A7 /* NetworkService.swift in Sources */,
				EE4F4D6928EAE73C000C2FE7 /* CardCell.swift in Sources */,
				EEC949E728F8083300A9661F /* FriendCell.swift in Sources */,
				EE6950FC292E10FA00B933BD /* CertificationBoardViewModel.swift in Sources */,
				EE85BE1028EF06AA006A0088 /* UILabel+Extension.swift in Sources */,
				EE77D5E428D9D0C100057EF8 /* CalendarViewController.swift in Sources */,
				EE23A853291001BC0050175C /* DateView.swift in Sources */,
				1824EDB12901A7B6007BA66B /* NoticeViewController.swift in Sources */,
				EE4570802914093100B13DF3 /* ImageCell.swift in Sources */,
				EEC949E328F7F37100A9661F /* InviteModalViewController.swift in Sources */,
				EEC949E028F7E1A300A9661F /* FriendProfileCell.swift in Sources */,
				1824EDAF29019BDC007BA66B /* OtherTableViewCell.swift in Sources */,
				EE78580328EDB62300F8C309 /* MissionRoomSecondViewModel.swift in Sources */,
				EE6950F3292DF78300B933BD /* CertificationPostWithImageCell.swift in Sources */,
				EE3A078328F87075002C7E5D /* InviteModalViewModel.swift in Sources */,
				EE3A078D28F8736A002C7E5D /* Friend.swift in Sources */,
				EE1F590728F68B0D0046ED09 /* HomeAPI.swift in Sources */,
				EE1F58FB28F688B30046ED09 /* TargetType.swift in Sources */,
				EE3EA1AE28D9CD3300CEFE36 /* HomeViewController.swift in Sources */,
				EE8FF3F328FD4BC200EB5FBC /* StompTarget.swift in Sources */,
				EE63629F29121B1600A78758 /* ChatResponse.swift in Sources */,
				EE6A2BD028E48474000656AA /* ChatRoomController.swift in Sources */,
				1824EDB52901A7DC007BA66B /* SettingViewController.swift in Sources */,
				EEAEAD1C28E9237E004CA8BA /* ChatService.swift in Sources */,
				EE1ED77A29016B7D0007F591 /* InformationModalViewModel.swift in Sources */,
				EE1F58F528F6711B0046ED09 /* ColorCell.swift in Sources */,
				EE78580128EDB3EA00F8C309 /* MissionRoomSecondViewController.swift in Sources */,
				EE6950F9292E096E00B933BD /* CertificationPost.swift in Sources */,
				EEE46C112924B0D90030A15E /* UIColor+.swift in Sources */,
				EE1F591128F68C0E0046ED09 /* HomeTarget.swift in Sources */,
				EE23C3EA293DE6100098740C /* UIImageView+.swift in Sources */,
				EE5500A428E98543005F65AC /* ChatHeaderView.swift in Sources */,
				EE1ED77829016AB80007F591 /* ChatRoomInformationModalWhenStarted.swift in Sources */,
				EEE83590293B612E001C97CC /* CardSectionModel.swift in Sources */,
				EE300D7A293A379300842742 /* VoteMemberListRequest.swift in Sources */,
				EE6A2BD328E485C1000656AA /* SendMessageCell.swift in Sources */,
				EE1F590028F6894C0046ED09 /* Encodable+Extension.swift in Sources */,
				18E69C992950491600A644F7 /* requestFriend.swift in Sources */,
				EE300D70293A30B000842742 /* VoteResultViewController.swift in Sources */,
				EE1F58FE28F689340046ED09 /* HttpHeaderField.swift in Sources */,
				EE84AC47292F85A80032E963 /* CertificationPostCell.swift in Sources */,
				EE45707E2914006100B13DF3 /* CertificationViewModel.swift in Sources */,
				EE05C25329266C4000FAA844 /* SendImageMessageCell.swift in Sources */,
				1824EDB92901AB31007BA66B /* FriendListTableViewCell.swift in Sources */,
				EEA0C0B928ED390500282A30 /* ContentCell.swift in Sources */,
				EE22491428F572D1007C5B16 /* UIApplication+Extension.swift in Sources */,
				EE3A079528F87478002C7E5D /* FriendResponse.swift in Sources */,
				EE66961E290183C300ECFC9A /* MissionRoomRequest.swift in Sources */,
				18F863C92947257100EC96A7 /* Mypage.swift in Sources */,
				18C692FC2940B9720039D91E /* CustomCell.swift in Sources */,
				EE5BAEA028E5B5B000589AC2 /* ChatRoomViewModel.swift in Sources */,
			);
			runOnlyForDeploymentPostprocessing = 0;
		};
/* End PBXSourcesBuildPhase section */

/* Begin PBXVariantGroup section */
		EEAEDA1D28D9C05D000141ED /* Main.storyboard */ = {
			isa = PBXVariantGroup;
			children = (
				EEAEDA1E28D9C05D000141ED /* Base */,
			);
			name = Main.storyboard;
			sourceTree = "<group>";
		};
		EEAEDA2228D9C060000141ED /* LaunchScreen.storyboard */ = {
			isa = PBXVariantGroup;
			children = (
				EEAEDA2328D9C060000141ED /* Base */,
			);
			name = LaunchScreen.storyboard;
			sourceTree = "<group>";
		};
/* End PBXVariantGroup section */

/* Begin XCBuildConfiguration section */
		EEAEDA2628D9C060000141ED /* Debug */ = {
			isa = XCBuildConfiguration;
			buildSettings = {
				ALWAYS_SEARCH_USER_PATHS = NO;
				CLANG_ANALYZER_NONNULL = YES;
				CLANG_ANALYZER_NUMBER_OBJECT_CONVERSION = YES_AGGRESSIVE;
				CLANG_CXX_LANGUAGE_STANDARD = "gnu++17";
				CLANG_ENABLE_MODULES = YES;
				CLANG_ENABLE_OBJC_ARC = YES;
				CLANG_ENABLE_OBJC_WEAK = YES;
				CLANG_WARN_BLOCK_CAPTURE_AUTORELEASING = YES;
				CLANG_WARN_BOOL_CONVERSION = YES;
				CLANG_WARN_COMMA = YES;
				CLANG_WARN_CONSTANT_CONVERSION = YES;
				CLANG_WARN_DEPRECATED_OBJC_IMPLEMENTATIONS = YES;
				CLANG_WARN_DIRECT_OBJC_ISA_USAGE = YES_ERROR;
				CLANG_WARN_DOCUMENTATION_COMMENTS = YES;
				CLANG_WARN_EMPTY_BODY = YES;
				CLANG_WARN_ENUM_CONVERSION = YES;
				CLANG_WARN_INFINITE_RECURSION = YES;
				CLANG_WARN_INT_CONVERSION = YES;
				CLANG_WARN_NON_LITERAL_NULL_CONVERSION = YES;
				CLANG_WARN_OBJC_IMPLICIT_RETAIN_SELF = YES;
				CLANG_WARN_OBJC_LITERAL_CONVERSION = YES;
				CLANG_WARN_OBJC_ROOT_CLASS = YES_ERROR;
				CLANG_WARN_QUOTED_INCLUDE_IN_FRAMEWORK_HEADER = YES;
				CLANG_WARN_RANGE_LOOP_ANALYSIS = YES;
				CLANG_WARN_STRICT_PROTOTYPES = YES;
				CLANG_WARN_SUSPICIOUS_MOVE = YES;
				CLANG_WARN_UNGUARDED_AVAILABILITY = YES_AGGRESSIVE;
				CLANG_WARN_UNREACHABLE_CODE = YES;
				CLANG_WARN__DUPLICATE_METHOD_MATCH = YES;
				COPY_PHASE_STRIP = NO;
				DEBUG_INFORMATION_FORMAT = dwarf;
				ENABLE_STRICT_OBJC_MSGSEND = YES;
				ENABLE_TESTABILITY = YES;
				GCC_C_LANGUAGE_STANDARD = gnu11;
				GCC_DYNAMIC_NO_PIC = NO;
				GCC_NO_COMMON_BLOCKS = YES;
				GCC_OPTIMIZATION_LEVEL = 0;
				GCC_PREPROCESSOR_DEFINITIONS = (
					"DEBUG=1",
					"$(inherited)",
				);
				GCC_WARN_64_TO_32_BIT_CONVERSION = YES;
				GCC_WARN_ABOUT_RETURN_TYPE = YES_ERROR;
				GCC_WARN_UNDECLARED_SELECTOR = YES;
				GCC_WARN_UNINITIALIZED_AUTOS = YES_AGGRESSIVE;
				GCC_WARN_UNUSED_FUNCTION = YES;
				GCC_WARN_UNUSED_VARIABLE = YES;
				IPHONEOS_DEPLOYMENT_TARGET = 15.0;
				MTL_ENABLE_DEBUG_INFO = INCLUDE_SOURCE;
				MTL_FAST_MATH = YES;
				ONLY_ACTIVE_ARCH = YES;
				SDKROOT = iphoneos;
				SWIFT_ACTIVE_COMPILATION_CONDITIONS = DEBUG;
				SWIFT_OPTIMIZATION_LEVEL = "-Onone";
			};
			name = Debug;
		};
		EEAEDA2728D9C060000141ED /* Release */ = {
			isa = XCBuildConfiguration;
			buildSettings = {
				ALWAYS_SEARCH_USER_PATHS = NO;
				CLANG_ANALYZER_NONNULL = YES;
				CLANG_ANALYZER_NUMBER_OBJECT_CONVERSION = YES_AGGRESSIVE;
				CLANG_CXX_LANGUAGE_STANDARD = "gnu++17";
				CLANG_ENABLE_MODULES = YES;
				CLANG_ENABLE_OBJC_ARC = YES;
				CLANG_ENABLE_OBJC_WEAK = YES;
				CLANG_WARN_BLOCK_CAPTURE_AUTORELEASING = YES;
				CLANG_WARN_BOOL_CONVERSION = YES;
				CLANG_WARN_COMMA = YES;
				CLANG_WARN_CONSTANT_CONVERSION = YES;
				CLANG_WARN_DEPRECATED_OBJC_IMPLEMENTATIONS = YES;
				CLANG_WARN_DIRECT_OBJC_ISA_USAGE = YES_ERROR;
				CLANG_WARN_DOCUMENTATION_COMMENTS = YES;
				CLANG_WARN_EMPTY_BODY = YES;
				CLANG_WARN_ENUM_CONVERSION = YES;
				CLANG_WARN_INFINITE_RECURSION = YES;
				CLANG_WARN_INT_CONVERSION = YES;
				CLANG_WARN_NON_LITERAL_NULL_CONVERSION = YES;
				CLANG_WARN_OBJC_IMPLICIT_RETAIN_SELF = YES;
				CLANG_WARN_OBJC_LITERAL_CONVERSION = YES;
				CLANG_WARN_OBJC_ROOT_CLASS = YES_ERROR;
				CLANG_WARN_QUOTED_INCLUDE_IN_FRAMEWORK_HEADER = YES;
				CLANG_WARN_RANGE_LOOP_ANALYSIS = YES;
				CLANG_WARN_STRICT_PROTOTYPES = YES;
				CLANG_WARN_SUSPICIOUS_MOVE = YES;
				CLANG_WARN_UNGUARDED_AVAILABILITY = YES_AGGRESSIVE;
				CLANG_WARN_UNREACHABLE_CODE = YES;
				CLANG_WARN__DUPLICATE_METHOD_MATCH = YES;
				COPY_PHASE_STRIP = NO;
				DEBUG_INFORMATION_FORMAT = "dwarf-with-dsym";
				ENABLE_NS_ASSERTIONS = NO;
				ENABLE_STRICT_OBJC_MSGSEND = YES;
				GCC_C_LANGUAGE_STANDARD = gnu11;
				GCC_NO_COMMON_BLOCKS = YES;
				GCC_WARN_64_TO_32_BIT_CONVERSION = YES;
				GCC_WARN_ABOUT_RETURN_TYPE = YES_ERROR;
				GCC_WARN_UNDECLARED_SELECTOR = YES;
				GCC_WARN_UNINITIALIZED_AUTOS = YES_AGGRESSIVE;
				GCC_WARN_UNUSED_FUNCTION = YES;
				GCC_WARN_UNUSED_VARIABLE = YES;
				IPHONEOS_DEPLOYMENT_TARGET = 15.0;
				MTL_ENABLE_DEBUG_INFO = NO;
				MTL_FAST_MATH = YES;
				SDKROOT = iphoneos;
				SWIFT_COMPILATION_MODE = wholemodule;
				SWIFT_OPTIMIZATION_LEVEL = "-O";
				VALIDATE_PRODUCT = YES;
			};
			name = Release;
		};
		EEAEDA2928D9C060000141ED /* Debug */ = {
			isa = XCBuildConfiguration;
			baseConfigurationReference = 24691D147FCF764B27B270A4 /* Pods-DoitDowith-iOS.debug.xcconfig */;
			buildSettings = {
				ASSETCATALOG_COMPILER_APPICON_NAME = AppIcon;
				ASSETCATALOG_COMPILER_GLOBAL_ACCENT_COLOR_NAME = AccentColor;
				CODE_SIGN_STYLE = Automatic;
				CURRENT_PROJECT_VERSION = 1;
				DEVELOPMENT_TEAM = DU7FSA5JUQ;
				GENERATE_INFOPLIST_FILE = YES;
				INFOPLIST_FILE = "DoitDowith-iOS/Application/Info.plist";
				INFOPLIST_KEY_NSCameraUsageDescription = "\"DoitDowith\"이 사진을 촬영하여 메시지로 전송 또는 게시글에 사진을 촬영하여 첨부하는 기능 사용을 위해 사진 라이브러리에 접근하도록 허용합니다.";
				INFOPLIST_KEY_NSPhotoLibraryUsageDescription = "\"DoitDowith\"이 사진을 촬영하여 메시지로 전송 또는 게시글에 사진을 촬영하여 첨부, 내 프로필 사진을 촬영하여 등록하는 기능 사용을 위해 사진 라이브러리에 접근하도록 허용합니다.";
				INFOPLIST_KEY_UIApplicationSupportsIndirectInputEvents = YES;
				INFOPLIST_KEY_UILaunchStoryboardName = LaunchScreen;
				INFOPLIST_KEY_UIMainStoryboardFile = Main;
				INFOPLIST_KEY_UISupportedInterfaceOrientations_iPad = "UIInterfaceOrientationPortrait UIInterfaceOrientationPortraitUpsideDown UIInterfaceOrientationLandscapeLeft UIInterfaceOrientationLandscapeRight";
				INFOPLIST_KEY_UISupportedInterfaceOrientations_iPhone = "UIInterfaceOrientationPortrait UIInterfaceOrientationLandscapeLeft UIInterfaceOrientationLandscapeRight";
				INFOPLIST_KEY_UIUserInterfaceStyle = Light;
				LD_RUNPATH_SEARCH_PATHS = (
					"$(inherited)",
					"@executable_path/Frameworks",
				);
				MARKETING_VERSION = 1.0;
				PRODUCT_BUNDLE_IDENTIFIER = "com.seoultech.DoitDowith-iOS";
				PRODUCT_NAME = "$(TARGET_NAME)";
				SWIFT_EMIT_LOC_STRINGS = YES;
				SWIFT_VERSION = 5.0;
				TARGETED_DEVICE_FAMILY = 1;
			};
			name = Debug;
		};
		EEAEDA2A28D9C060000141ED /* Release */ = {
			isa = XCBuildConfiguration;
			baseConfigurationReference = 6DF2D234DA10A353A3131702 /* Pods-DoitDowith-iOS.release.xcconfig */;
			buildSettings = {
				ASSETCATALOG_COMPILER_APPICON_NAME = AppIcon;
				ASSETCATALOG_COMPILER_GLOBAL_ACCENT_COLOR_NAME = AccentColor;
				CODE_SIGN_STYLE = Automatic;
				CURRENT_PROJECT_VERSION = 1;
				DEVELOPMENT_TEAM = DU7FSA5JUQ;
				GENERATE_INFOPLIST_FILE = YES;
				INFOPLIST_FILE = "DoitDowith-iOS/Application/Info.plist";
				INFOPLIST_KEY_NSCameraUsageDescription = "\"DoitDowith\"이 사진을 촬영하여 메시지로 전송 또는 게시글에 사진을 촬영하여 첨부하는 기능 사용을 위해 사진 라이브러리에 접근하도록 허용합니다.";
				INFOPLIST_KEY_NSPhotoLibraryUsageDescription = "\"DoitDowith\"이 사진을 촬영하여 메시지로 전송 또는 게시글에 사진을 촬영하여 첨부, 내 프로필 사진을 촬영하여 등록하는 기능 사용을 위해 사진 라이브러리에 접근하도록 허용합니다.";
				INFOPLIST_KEY_UIApplicationSupportsIndirectInputEvents = YES;
				INFOPLIST_KEY_UILaunchStoryboardName = LaunchScreen;
				INFOPLIST_KEY_UIMainStoryboardFile = Main;
				INFOPLIST_KEY_UISupportedInterfaceOrientations_iPad = "UIInterfaceOrientationPortrait UIInterfaceOrientationPortraitUpsideDown UIInterfaceOrientationLandscapeLeft UIInterfaceOrientationLandscapeRight";
				INFOPLIST_KEY_UISupportedInterfaceOrientations_iPhone = "UIInterfaceOrientationPortrait UIInterfaceOrientationLandscapeLeft UIInterfaceOrientationLandscapeRight";
				INFOPLIST_KEY_UIUserInterfaceStyle = Light;
				LD_RUNPATH_SEARCH_PATHS = (
					"$(inherited)",
					"@executable_path/Frameworks",
				);
				MARKETING_VERSION = 1.0;
				PRODUCT_BUNDLE_IDENTIFIER = "com.seoultech.DoitDowith-iOS";
				PRODUCT_NAME = "$(TARGET_NAME)";
				SWIFT_EMIT_LOC_STRINGS = YES;
				SWIFT_VERSION = 5.0;
				TARGETED_DEVICE_FAMILY = 1;
			};
			name = Release;
		};
/* End XCBuildConfiguration section */

/* Begin XCConfigurationList section */
		EEAEDA0F28D9C05D000141ED /* Build configuration list for PBXProject "DoitDowith-iOS" */ = {
			isa = XCConfigurationList;
			buildConfigurations = (
				EEAEDA2628D9C060000141ED /* Debug */,
				EEAEDA2728D9C060000141ED /* Release */,
			);
			defaultConfigurationIsVisible = 0;
			defaultConfigurationName = Release;
		};
		EEAEDA2828D9C060000141ED /* Build configuration list for PBXNativeTarget "DoitDowith-iOS" */ = {
			isa = XCConfigurationList;
			buildConfigurations = (
				EEAEDA2928D9C060000141ED /* Debug */,
				EEAEDA2A28D9C060000141ED /* Release */,
			);
			defaultConfigurationIsVisible = 0;
			defaultConfigurationName = Release;
		};
/* End XCConfigurationList section */
	};
	rootObject = EEAEDA0C28D9C05D000141ED /* Project object */;
}
